// !$*UTF8*$!
{
	archiveVersion = 1;
	classes = {
	};
	objectVersion = 55;
	objects = {

/* Begin PBXBuildFile section */
		1F15208429631F7E00C542DC /* SwiftUIViewSource.swift in Sources */ = {isa = PBXBuildFile; fileRef = 1F15208329631F7E00C542DC /* SwiftUIViewSource.swift */; };
		1F2CF9FC28FD9978007ADB05 /* HomeView.swift in Sources */ = {isa = PBXBuildFile; fileRef = 1F2CF9FB28FD9978007ADB05 /* HomeView.swift */; };
		1F2CF9FE28FD9FE3007ADB05 /* ProjectListView.swift in Sources */ = {isa = PBXBuildFile; fileRef = 1F2CF9FD28FD9FE3007ADB05 /* ProjectListView.swift */; };
		1F2CFA0328FDB014007ADB05 /* HeaderBar.swift in Sources */ = {isa = PBXBuildFile; fileRef = 1F2CFA0228FDB014007ADB05 /* HeaderBar.swift */; };
		1F407945299113BC00D87F8A /* SignUpOptions.swift in Sources */ = {isa = PBXBuildFile; fileRef = 1F407944299113BC00D87F8A /* SignUpOptions.swift */; };
		1F407947299113D900D87F8A /* UserVerification.swift in Sources */ = {isa = PBXBuildFile; fileRef = 1F407946299113D900D87F8A /* UserVerification.swift */; };
		1F4079492991142100D87F8A /* SignUpWithSetup.swift in Sources */ = {isa = PBXBuildFile; fileRef = 1F4079482991142100D87F8A /* SignUpWithSetup.swift */; };
		1F4761A22911C067005CDF11 /* ProfilePhotoView.swift in Sources */ = {isa = PBXBuildFile; fileRef = 1F4761A12911C067005CDF11 /* ProfilePhotoView.swift */; };
		1F4DD1D229B2696D004D6F75 /* SplashScreenView.swift in Sources */ = {isa = PBXBuildFile; fileRef = 1F4DD1D129B2696C004D6F75 /* SplashScreenView.swift */; };
		1F5A164E290F166A00F9B42C /* LanguageView.swift in Sources */ = {isa = PBXBuildFile; fileRef = 1F5A164D290F166A00F9B42C /* LanguageView.swift */; };
		1F5A1652290F38D600F9B42C /* ToolBarTest.swift in Sources */ = {isa = PBXBuildFile; fileRef = 1F5A1651290F38D600F9B42C /* ToolBarTest.swift */; };
		1F665E322904A8C000FE0BD6 /* ProjectActions.swift in Sources */ = {isa = PBXBuildFile; fileRef = 1F665E312904A8C000FE0BD6 /* ProjectActions.swift */; };
		1F665E342904AA8800FE0BD6 /* ProjectData.swift in Sources */ = {isa = PBXBuildFile; fileRef = 1F665E332904AA8800FE0BD6 /* ProjectData.swift */; };
		1F665E362904AD8000FE0BD6 /* NotificationData.swift in Sources */ = {isa = PBXBuildFile; fileRef = 1F665E352904AD8000FE0BD6 /* NotificationData.swift */; };
		1F665E382904B6E100FE0BD6 /* ProjectHeader.swift in Sources */ = {isa = PBXBuildFile; fileRef = 1F665E372904B6E100FE0BD6 /* ProjectHeader.swift */; };
		1F665E592906014300FE0BD6 /* LoginView.swift in Sources */ = {isa = PBXBuildFile; fileRef = 1F665E582906014300FE0BD6 /* LoginView.swift */; };
		1F665E5B2906015000FE0BD6 /* SignupView.swift in Sources */ = {isa = PBXBuildFile; fileRef = 1F665E5A2906015000FE0BD6 /* SignupView.swift */; };
		1F665E5D2906015D00FE0BD6 /* ForgotPasswordView.swift in Sources */ = {isa = PBXBuildFile; fileRef = 1F665E5C2906015D00FE0BD6 /* ForgotPasswordView.swift */; };
		1F6B39482910524900574F39 /* OnboardingView.swift in Sources */ = {isa = PBXBuildFile; fileRef = 1F6B39472910524900574F39 /* OnboardingView.swift */; };
		1F7C2ED928FCD1C000972C3A /* RecaptureApp.swift in Sources */ = {isa = PBXBuildFile; fileRef = 1F7C2ED828FCD1C000972C3A /* RecaptureApp.swift */; };
		1F7C2EDB28FCD1C000972C3A /* ContentView.swift in Sources */ = {isa = PBXBuildFile; fileRef = 1F7C2EDA28FCD1C000972C3A /* ContentView.swift */; };
		1F7C2EDD28FCD1C300972C3A /* Assets.xcassets in Resources */ = {isa = PBXBuildFile; fileRef = 1F7C2EDC28FCD1C300972C3A /* Assets.xcassets */; };
		1F7C2EE028FCD1C300972C3A /* Preview Assets.xcassets in Resources */ = {isa = PBXBuildFile; fileRef = 1F7C2EDF28FCD1C300972C3A /* Preview Assets.xcassets */; };
		1F7C2EE228FCD1C300972C3A /* Persistence.swift in Sources */ = {isa = PBXBuildFile; fileRef = 1F7C2EE128FCD1C300972C3A /* Persistence.swift */; };
		1F7C2EE528FCD1C300972C3A /* Recapture.xcdatamodeld in Sources */ = {isa = PBXBuildFile; fileRef = 1F7C2EE328FCD1C300972C3A /* Recapture.xcdatamodeld */; };
		1F7C2EEF28FCD1C300972C3A /* RecaptureTests.swift in Sources */ = {isa = PBXBuildFile; fileRef = 1F7C2EEE28FCD1C300972C3A /* RecaptureTests.swift */; };
		1F7C2EF928FCD1C300972C3A /* RecaptureUITests.swift in Sources */ = {isa = PBXBuildFile; fileRef = 1F7C2EF828FCD1C300972C3A /* RecaptureUITests.swift */; };
		1F7C2EFB28FCD1C300972C3A /* RecaptureUITestsLaunchTests.swift in Sources */ = {isa = PBXBuildFile; fileRef = 1F7C2EFA28FCD1C300972C3A /* RecaptureUITestsLaunchTests.swift */; };
		1F8B5CD2290D398D00D6EE25 /* AccountView.swift in Sources */ = {isa = PBXBuildFile; fileRef = 1F8B5CD1290D398D00D6EE25 /* AccountView.swift */; };
		1F8B5CD5290D39B000D6EE25 /* DomainView.swift in Sources */ = {isa = PBXBuildFile; fileRef = 1F8B5CD4290D39B000D6EE25 /* DomainView.swift */; };
		1F8B5CD7290D39BD00D6EE25 /* SubscriptionView.swift in Sources */ = {isa = PBXBuildFile; fileRef = 1F8B5CD6290D39BD00D6EE25 /* SubscriptionView.swift */; };
		1F8B5CD9290D39E900D6EE25 /* SupportView.swift in Sources */ = {isa = PBXBuildFile; fileRef = 1F8B5CD8290D39E900D6EE25 /* SupportView.swift */; };
		1F8B5CDE290D3A1100D6EE25 /* PrivacyView.swift in Sources */ = {isa = PBXBuildFile; fileRef = 1F8B5CDD290D3A1100D6EE25 /* PrivacyView.swift */; };
		1F8B5CE0290D3A2100D6EE25 /* TermsView.swift in Sources */ = {isa = PBXBuildFile; fileRef = 1F8B5CDF290D3A2100D6EE25 /* TermsView.swift */; };
		1FDC55832916BB3D0030D6E4 /* ReviewBottomUpload.swift in Sources */ = {isa = PBXBuildFile; fileRef = 1FDC55822916BB3D0030D6E4 /* ReviewBottomUpload.swift */; };
		1FE53F802951F7E10097EB08 /* CaptureControls.swift in Sources */ = {isa = PBXBuildFile; fileRef = 1FE53F7F2951F7E10097EB08 /* CaptureControls.swift */; };
		1FE53F822951FC3B0097EB08 /* ReviewBottomButton.swift in Sources */ = {isa = PBXBuildFile; fileRef = 1FE53F812951FC3B0097EB08 /* ReviewBottomButton.swift */; };
		1FF886002901647D0074656B /* CardView.swift in Sources */ = {isa = PBXBuildFile; fileRef = 1FF885FF2901647D0074656B /* CardView.swift */; };
		1FF88603290170D10074656B /* ProjectView.swift in Sources */ = {isa = PBXBuildFile; fileRef = 1FF88602290170D10074656B /* ProjectView.swift */; };
		1FF8860729017C5B0074656B /* NotificationView.swift in Sources */ = {isa = PBXBuildFile; fileRef = 1FF8860629017C5B0074656B /* NotificationView.swift */; };
		1FF8860929017C840074656B /* Notifications.swift in Sources */ = {isa = PBXBuildFile; fileRef = 1FF8860829017C840074656B /* Notifications.swift */; };
		1FF8860D290180170074656B /* SettingsView.swift in Sources */ = {isa = PBXBuildFile; fileRef = 1FF8860C290180170074656B /* SettingsView.swift */; };
		1FF8860F290180320074656B /* TutorialView.swift in Sources */ = {isa = PBXBuildFile; fileRef = 1FF8860E290180320074656B /* TutorialView.swift */; };
		1FF8861329018BA90074656B /* HelpBar.swift in Sources */ = {isa = PBXBuildFile; fileRef = 1FF8861229018BA90074656B /* HelpBar.swift */; };
		1FFCBD232912938C00F6A6D5 /* TextEditView.swift in Sources */ = {isa = PBXBuildFile; fileRef = 1FFCBD222912938C00F6A6D5 /* TextEditView.swift */; };
		1FFCBD252912939F00F6A6D5 /* QRCodeView.swift in Sources */ = {isa = PBXBuildFile; fileRef = 1FFCBD242912939F00F6A6D5 /* QRCodeView.swift */; };
		1FFCBD27291293B300F6A6D5 /* AnalyticsView.swift in Sources */ = {isa = PBXBuildFile; fileRef = 1FFCBD26291293B300F6A6D5 /* AnalyticsView.swift */; };
		1FFCBD29291293C300F6A6D5 /* WebLinkView.swift in Sources */ = {isa = PBXBuildFile; fileRef = 1FFCBD28291293C300F6A6D5 /* WebLinkView.swift */; };
		1FFCBD2B291293D300F6A6D5 /* ExportView.swift in Sources */ = {isa = PBXBuildFile; fileRef = 1FFCBD2A291293D300F6A6D5 /* ExportView.swift */; };
		1FFCBD2D2912A1F900F6A6D5 /* ProjectInfoView.swift in Sources */ = {isa = PBXBuildFile; fileRef = 1FFCBD2C2912A1F900F6A6D5 /* ProjectInfoView.swift */; };
		1FFCBD2F2912A6E000F6A6D5 /* CaptureARView.swift in Sources */ = {isa = PBXBuildFile; fileRef = 1FFCBD2E2912A6E000F6A6D5 /* CaptureARView.swift */; };
		1FFCBD312912A70600F6A6D5 /* ReviewCapture.swift in Sources */ = {isa = PBXBuildFile; fileRef = 1FFCBD302912A70600F6A6D5 /* ReviewCapture.swift */; };
		1FFCBD332912A73000F6A6D5 /* CapturedPhotos.swift in Sources */ = {isa = PBXBuildFile; fileRef = 1FFCBD322912A73000F6A6D5 /* CapturedPhotos.swift */; };
		BE2424E8299E2DA400BF8C2C /* CameraViewModel.swift in Sources */ = {isa = PBXBuildFile; fileRef = BE2424E7299E2DA400BF8C2C /* CameraViewModel.swift */; };
		BE2424EB299E2E6800BF8C2C /* CaptureFolderState.swift in Sources */ = {isa = PBXBuildFile; fileRef = BE2424EA299E2E6800BF8C2C /* CaptureFolderState.swift */; };
		BE2424EF299E2EF700BF8C2C /* TriggerEveryTimer.swift in Sources */ = {isa = PBXBuildFile; fileRef = BE2424EE299E2EF700BF8C2C /* TriggerEveryTimer.swift */; };
		BE2424F1299E2FEF00BF8C2C /* PhotoCaptureDelegate.swift in Sources */ = {isa = PBXBuildFile; fileRef = BE2424F0299E2FEF00BF8C2C /* PhotoCaptureDelegate.swift */; };
		BE2424F3299E4F8200BF8C2C /* CameraGalleryView.swift in Sources */ = {isa = PBXBuildFile; fileRef = BE2424F2299E4F8200BF8C2C /* CameraGalleryView.swift */; };
		BE2424F5299E4FAF00BF8C2C /* CaptureFoldersView.swift in Sources */ = {isa = PBXBuildFile; fileRef = BE2424F4299E4FAF00BF8C2C /* CaptureFoldersView.swift */; };
		BE2424F7299E503300BF8C2C /* AsyncImageHelpers.swift in Sources */ = {isa = PBXBuildFile; fileRef = BE2424F6299E503300BF8C2C /* AsyncImageHelpers.swift */; };
		BE2424F9299E505800BF8C2C /* ImageLoader.swift in Sources */ = {isa = PBXBuildFile; fileRef = BE2424F8299E505800BF8C2C /* ImageLoader.swift */; };
		BE42A60D299D3F1500699D62 /* CameraView.swift in Sources */ = {isa = PBXBuildFile; fileRef = BE42A60C299D3F1500699D62 /* CameraView.swift */; };
		BE42A60F299D440800699D62 /* CameraPreviewView.swift in Sources */ = {isa = PBXBuildFile; fileRef = BE42A60E299D440800699D62 /* CameraPreviewView.swift */; };
		BE42A611299D44CA00699D62 /* CaptureInfo.swift in Sources */ = {isa = PBXBuildFile; fileRef = BE42A610299D44CA00699D62 /* CaptureInfo.swift */; };
		BE42A613299D454000699D62 /* Capture.swift in Sources */ = {isa = PBXBuildFile; fileRef = BE42A612299D454000699D62 /* Capture.swift */; };
		BECCB12D29A2E782001AB894 /* CardViewModel.swift in Sources */ = {isa = PBXBuildFile; fileRef = BECCB12C29A2E782001AB894 /* CardViewModel.swift */; };
		BED1A4BF29A28E85008FD96B /* View+Extension.swift in Sources */ = {isa = PBXBuildFile; fileRef = BED1A4BE29A28E85008FD96B /* View+Extension.swift */; };
/* End PBXBuildFile section */

/* Begin PBXContainerItemProxy section */
		1F7C2EEB28FCD1C300972C3A /* PBXContainerItemProxy */ = {
			isa = PBXContainerItemProxy;
			containerPortal = 1F7C2ECD28FCD1C000972C3A /* Project object */;
			proxyType = 1;
			remoteGlobalIDString = 1F7C2ED428FCD1C000972C3A;
			remoteInfo = Recapture;
		};
		1F7C2EF528FCD1C300972C3A /* PBXContainerItemProxy */ = {
			isa = PBXContainerItemProxy;
			containerPortal = 1F7C2ECD28FCD1C000972C3A /* Project object */;
			proxyType = 1;
			remoteGlobalIDString = 1F7C2ED428FCD1C000972C3A;
			remoteInfo = Recapture;
		};
/* End PBXContainerItemProxy section */

/* Begin PBXFileReference section */
		1F15208329631F7E00C542DC /* SwiftUIViewSource.swift */ = {isa = PBXFileReference; lastKnownFileType = sourcecode.swift; path = SwiftUIViewSource.swift; sourceTree = "<group>"; };
		1F2CF9FB28FD9978007ADB05 /* HomeView.swift */ = {isa = PBXFileReference; lastKnownFileType = sourcecode.swift; path = HomeView.swift; sourceTree = "<group>"; };
		1F2CF9FD28FD9FE3007ADB05 /* ProjectListView.swift */ = {isa = PBXFileReference; lastKnownFileType = sourcecode.swift; path = ProjectListView.swift; sourceTree = "<group>"; };
		1F2CFA0228FDB014007ADB05 /* HeaderBar.swift */ = {isa = PBXFileReference; lastKnownFileType = sourcecode.swift; path = HeaderBar.swift; sourceTree = "<group>"; };
		1F407944299113BC00D87F8A /* SignUpOptions.swift */ = {isa = PBXFileReference; lastKnownFileType = sourcecode.swift; path = SignUpOptions.swift; sourceTree = "<group>"; };
		1F407946299113D900D87F8A /* UserVerification.swift */ = {isa = PBXFileReference; lastKnownFileType = sourcecode.swift; path = UserVerification.swift; sourceTree = "<group>"; };
		1F4079482991142100D87F8A /* SignUpWithSetup.swift */ = {isa = PBXFileReference; lastKnownFileType = sourcecode.swift; path = SignUpWithSetup.swift; sourceTree = "<group>"; };
		1F4761A12911C067005CDF11 /* ProfilePhotoView.swift */ = {isa = PBXFileReference; lastKnownFileType = sourcecode.swift; path = ProfilePhotoView.swift; sourceTree = "<group>"; };
		1F4DD1D129B2696C004D6F75 /* SplashScreenView.swift */ = {isa = PBXFileReference; lastKnownFileType = sourcecode.swift; path = SplashScreenView.swift; sourceTree = "<group>"; };
		1F5A164D290F166A00F9B42C /* LanguageView.swift */ = {isa = PBXFileReference; lastKnownFileType = sourcecode.swift; path = LanguageView.swift; sourceTree = "<group>"; };
		1F5A1651290F38D600F9B42C /* ToolBarTest.swift */ = {isa = PBXFileReference; lastKnownFileType = sourcecode.swift; path = ToolBarTest.swift; sourceTree = "<group>"; };
		1F665E312904A8C000FE0BD6 /* ProjectActions.swift */ = {isa = PBXFileReference; lastKnownFileType = sourcecode.swift; path = ProjectActions.swift; sourceTree = "<group>"; };
		1F665E332904AA8800FE0BD6 /* ProjectData.swift */ = {isa = PBXFileReference; lastKnownFileType = sourcecode.swift; path = ProjectData.swift; sourceTree = "<group>"; };
		1F665E352904AD8000FE0BD6 /* NotificationData.swift */ = {isa = PBXFileReference; lastKnownFileType = sourcecode.swift; path = NotificationData.swift; sourceTree = "<group>"; };
		1F665E372904B6E100FE0BD6 /* ProjectHeader.swift */ = {isa = PBXFileReference; lastKnownFileType = sourcecode.swift; path = ProjectHeader.swift; sourceTree = "<group>"; };
		1F665E582906014300FE0BD6 /* LoginView.swift */ = {isa = PBXFileReference; lastKnownFileType = sourcecode.swift; path = LoginView.swift; sourceTree = "<group>"; };
		1F665E5A2906015000FE0BD6 /* SignupView.swift */ = {isa = PBXFileReference; lastKnownFileType = sourcecode.swift; path = SignupView.swift; sourceTree = "<group>"; };
		1F665E5C2906015D00FE0BD6 /* ForgotPasswordView.swift */ = {isa = PBXFileReference; lastKnownFileType = sourcecode.swift; path = ForgotPasswordView.swift; sourceTree = "<group>"; };
		1F6B39472910524900574F39 /* OnboardingView.swift */ = {isa = PBXFileReference; lastKnownFileType = sourcecode.swift; path = OnboardingView.swift; sourceTree = "<group>"; };
		1F7C2ED528FCD1C000972C3A /* Recapture.app */ = {isa = PBXFileReference; explicitFileType = wrapper.application; includeInIndex = 0; path = Recapture.app; sourceTree = BUILT_PRODUCTS_DIR; };
		1F7C2ED828FCD1C000972C3A /* RecaptureApp.swift */ = {isa = PBXFileReference; lastKnownFileType = sourcecode.swift; path = RecaptureApp.swift; sourceTree = "<group>"; };
		1F7C2EDA28FCD1C000972C3A /* ContentView.swift */ = {isa = PBXFileReference; lastKnownFileType = sourcecode.swift; path = ContentView.swift; sourceTree = "<group>"; };
		1F7C2EDC28FCD1C300972C3A /* Assets.xcassets */ = {isa = PBXFileReference; lastKnownFileType = folder.assetcatalog; path = Assets.xcassets; sourceTree = "<group>"; };
		1F7C2EDF28FCD1C300972C3A /* Preview Assets.xcassets */ = {isa = PBXFileReference; lastKnownFileType = folder.assetcatalog; path = "Preview Assets.xcassets"; sourceTree = "<group>"; };
		1F7C2EE128FCD1C300972C3A /* Persistence.swift */ = {isa = PBXFileReference; lastKnownFileType = sourcecode.swift; path = Persistence.swift; sourceTree = "<group>"; };
		1F7C2EE428FCD1C300972C3A /* Recapture.xcdatamodel */ = {isa = PBXFileReference; lastKnownFileType = wrapper.xcdatamodel; path = Recapture.xcdatamodel; sourceTree = "<group>"; };
		1F7C2EEA28FCD1C300972C3A /* RecaptureTests.xctest */ = {isa = PBXFileReference; explicitFileType = wrapper.cfbundle; includeInIndex = 0; path = RecaptureTests.xctest; sourceTree = BUILT_PRODUCTS_DIR; };
		1F7C2EEE28FCD1C300972C3A /* RecaptureTests.swift */ = {isa = PBXFileReference; lastKnownFileType = sourcecode.swift; path = RecaptureTests.swift; sourceTree = "<group>"; };
		1F7C2EF428FCD1C300972C3A /* RecaptureUITests.xctest */ = {isa = PBXFileReference; explicitFileType = wrapper.cfbundle; includeInIndex = 0; path = RecaptureUITests.xctest; sourceTree = BUILT_PRODUCTS_DIR; };
		1F7C2EF828FCD1C300972C3A /* RecaptureUITests.swift */ = {isa = PBXFileReference; lastKnownFileType = sourcecode.swift; path = RecaptureUITests.swift; sourceTree = "<group>"; };
		1F7C2EFA28FCD1C300972C3A /* RecaptureUITestsLaunchTests.swift */ = {isa = PBXFileReference; lastKnownFileType = sourcecode.swift; path = RecaptureUITestsLaunchTests.swift; sourceTree = "<group>"; };
		1F8B5CD1290D398D00D6EE25 /* AccountView.swift */ = {isa = PBXFileReference; lastKnownFileType = sourcecode.swift; path = AccountView.swift; sourceTree = "<group>"; };
		1F8B5CD4290D39B000D6EE25 /* DomainView.swift */ = {isa = PBXFileReference; lastKnownFileType = sourcecode.swift; path = DomainView.swift; sourceTree = "<group>"; };
		1F8B5CD6290D39BD00D6EE25 /* SubscriptionView.swift */ = {isa = PBXFileReference; lastKnownFileType = sourcecode.swift; path = SubscriptionView.swift; sourceTree = "<group>"; };
		1F8B5CD8290D39E900D6EE25 /* SupportView.swift */ = {isa = PBXFileReference; lastKnownFileType = sourcecode.swift; path = SupportView.swift; sourceTree = "<group>"; };
		1F8B5CDD290D3A1100D6EE25 /* PrivacyView.swift */ = {isa = PBXFileReference; lastKnownFileType = sourcecode.swift; path = PrivacyView.swift; sourceTree = "<group>"; };
		1F8B5CDF290D3A2100D6EE25 /* TermsView.swift */ = {isa = PBXFileReference; lastKnownFileType = sourcecode.swift; path = TermsView.swift; sourceTree = "<group>"; };
		1FDC55822916BB3D0030D6E4 /* ReviewBottomUpload.swift */ = {isa = PBXFileReference; lastKnownFileType = sourcecode.swift; path = ReviewBottomUpload.swift; sourceTree = "<group>"; };
		1FE53F7F2951F7E10097EB08 /* CaptureControls.swift */ = {isa = PBXFileReference; lastKnownFileType = sourcecode.swift; path = CaptureControls.swift; sourceTree = "<group>"; };
		1FE53F812951FC3B0097EB08 /* ReviewBottomButton.swift */ = {isa = PBXFileReference; lastKnownFileType = sourcecode.swift; path = ReviewBottomButton.swift; sourceTree = "<group>"; };
		1FF885FF2901647D0074656B /* CardView.swift */ = {isa = PBXFileReference; lastKnownFileType = sourcecode.swift; path = CardView.swift; sourceTree = "<group>"; };
		1FF88602290170D10074656B /* ProjectView.swift */ = {isa = PBXFileReference; lastKnownFileType = sourcecode.swift; path = ProjectView.swift; sourceTree = "<group>"; };
		1FF8860629017C5B0074656B /* NotificationView.swift */ = {isa = PBXFileReference; lastKnownFileType = sourcecode.swift; path = NotificationView.swift; sourceTree = "<group>"; };
		1FF8860829017C840074656B /* Notifications.swift */ = {isa = PBXFileReference; lastKnownFileType = sourcecode.swift; path = Notifications.swift; sourceTree = "<group>"; };
		1FF8860C290180170074656B /* SettingsView.swift */ = {isa = PBXFileReference; lastKnownFileType = sourcecode.swift; path = SettingsView.swift; sourceTree = "<group>"; };
		1FF8860E290180320074656B /* TutorialView.swift */ = {isa = PBXFileReference; lastKnownFileType = sourcecode.swift; path = TutorialView.swift; sourceTree = "<group>"; };
		1FF8861229018BA90074656B /* HelpBar.swift */ = {isa = PBXFileReference; lastKnownFileType = sourcecode.swift; path = HelpBar.swift; sourceTree = "<group>"; };
		1FFCBD222912938C00F6A6D5 /* TextEditView.swift */ = {isa = PBXFileReference; lastKnownFileType = sourcecode.swift; path = TextEditView.swift; sourceTree = "<group>"; };
		1FFCBD242912939F00F6A6D5 /* QRCodeView.swift */ = {isa = PBXFileReference; lastKnownFileType = sourcecode.swift; path = QRCodeView.swift; sourceTree = "<group>"; };
		1FFCBD26291293B300F6A6D5 /* AnalyticsView.swift */ = {isa = PBXFileReference; lastKnownFileType = sourcecode.swift; path = AnalyticsView.swift; sourceTree = "<group>"; };
		1FFCBD28291293C300F6A6D5 /* WebLinkView.swift */ = {isa = PBXFileReference; lastKnownFileType = sourcecode.swift; path = WebLinkView.swift; sourceTree = "<group>"; };
		1FFCBD2A291293D300F6A6D5 /* ExportView.swift */ = {isa = PBXFileReference; lastKnownFileType = sourcecode.swift; path = ExportView.swift; sourceTree = "<group>"; };
		1FFCBD2C2912A1F900F6A6D5 /* ProjectInfoView.swift */ = {isa = PBXFileReference; lastKnownFileType = sourcecode.swift; path = ProjectInfoView.swift; sourceTree = "<group>"; };
		1FFCBD2E2912A6E000F6A6D5 /* CaptureARView.swift */ = {isa = PBXFileReference; lastKnownFileType = sourcecode.swift; path = CaptureARView.swift; sourceTree = "<group>"; };
		1FFCBD302912A70600F6A6D5 /* ReviewCapture.swift */ = {isa = PBXFileReference; lastKnownFileType = sourcecode.swift; path = ReviewCapture.swift; sourceTree = "<group>"; };
		1FFCBD322912A73000F6A6D5 /* CapturedPhotos.swift */ = {isa = PBXFileReference; lastKnownFileType = sourcecode.swift; path = CapturedPhotos.swift; sourceTree = "<group>"; };
		BE2424E7299E2DA400BF8C2C /* CameraViewModel.swift */ = {isa = PBXFileReference; lastKnownFileType = sourcecode.swift; path = CameraViewModel.swift; sourceTree = "<group>"; };
		BE2424EA299E2E6800BF8C2C /* CaptureFolderState.swift */ = {isa = PBXFileReference; lastKnownFileType = sourcecode.swift; path = CaptureFolderState.swift; sourceTree = "<group>"; };
		BE2424EE299E2EF700BF8C2C /* TriggerEveryTimer.swift */ = {isa = PBXFileReference; lastKnownFileType = sourcecode.swift; path = TriggerEveryTimer.swift; sourceTree = "<group>"; };
		BE2424F0299E2FEF00BF8C2C /* PhotoCaptureDelegate.swift */ = {isa = PBXFileReference; lastKnownFileType = sourcecode.swift; path = PhotoCaptureDelegate.swift; sourceTree = "<group>"; };
		BE2424F2299E4F8200BF8C2C /* CameraGalleryView.swift */ = {isa = PBXFileReference; lastKnownFileType = sourcecode.swift; path = CameraGalleryView.swift; sourceTree = "<group>"; };
		BE2424F4299E4FAF00BF8C2C /* CaptureFoldersView.swift */ = {isa = PBXFileReference; lastKnownFileType = sourcecode.swift; path = CaptureFoldersView.swift; sourceTree = "<group>"; };
		BE2424F6299E503300BF8C2C /* AsyncImageHelpers.swift */ = {isa = PBXFileReference; lastKnownFileType = sourcecode.swift; path = AsyncImageHelpers.swift; sourceTree = "<group>"; };
		BE2424F8299E505800BF8C2C /* ImageLoader.swift */ = {isa = PBXFileReference; lastKnownFileType = sourcecode.swift; path = ImageLoader.swift; sourceTree = "<group>"; };
		BE42A60C299D3F1500699D62 /* CameraView.swift */ = {isa = PBXFileReference; lastKnownFileType = sourcecode.swift; path = CameraView.swift; sourceTree = "<group>"; };
		BE42A60E299D440800699D62 /* CameraPreviewView.swift */ = {isa = PBXFileReference; lastKnownFileType = sourcecode.swift; path = CameraPreviewView.swift; sourceTree = "<group>"; };
		BE42A610299D44CA00699D62 /* CaptureInfo.swift */ = {isa = PBXFileReference; lastKnownFileType = sourcecode.swift; path = CaptureInfo.swift; sourceTree = "<group>"; };
		BE42A612299D454000699D62 /* Capture.swift */ = {isa = PBXFileReference; lastKnownFileType = sourcecode.swift; path = Capture.swift; sourceTree = "<group>"; };
		BECCB12C29A2E782001AB894 /* CardViewModel.swift */ = {isa = PBXFileReference; lastKnownFileType = sourcecode.swift; path = CardViewModel.swift; sourceTree = "<group>"; };
		BED1A4BE29A28E85008FD96B /* View+Extension.swift */ = {isa = PBXFileReference; lastKnownFileType = sourcecode.swift; path = "View+Extension.swift"; sourceTree = "<group>"; };
/* End PBXFileReference section */

/* Begin PBXFrameworksBuildPhase section */
		1F7C2ED228FCD1C000972C3A /* Frameworks */ = {
			isa = PBXFrameworksBuildPhase;
			buildActionMask = 2147483647;
			files = (
			);
			runOnlyForDeploymentPostprocessing = 0;
		};
		1F7C2EE728FCD1C300972C3A /* Frameworks */ = {
			isa = PBXFrameworksBuildPhase;
			buildActionMask = 2147483647;
			files = (
			);
			runOnlyForDeploymentPostprocessing = 0;
		};
		1F7C2EF128FCD1C300972C3A /* Frameworks */ = {
			isa = PBXFrameworksBuildPhase;
			buildActionMask = 2147483647;
			files = (
			);
			runOnlyForDeploymentPostprocessing = 0;
		};
/* End PBXFrameworksBuildPhase section */

/* Begin PBXGroup section */
		1F2CF9F628FD8DAD007ADB05 /* Views */ = {
			isa = PBXGroup;
			children = (
				1FF886012901702D0074656B /* Components */,
				1F665E57290600F100FE0BD6 /* SplashAndWelcomeViews */,
				1F665E53290600AA00FE0BD6 /* AuthViews */,
				1F665E56290600D800FE0BD6 /* MainViews */,
				BE42A60E299D440800699D62 /* CameraPreviewView.swift */,
				1FFCBD1F291292B200F6A6D5 /* CreationViews */,
			);
			path = Views;
			sourceTree = "<group>";
		};
		1F2CFA0128FDAD9F007ADB05 /* Model */ = {
			isa = PBXGroup;
			children = (
				1F665E332904AA8800FE0BD6 /* ProjectData.swift */,
				1F665E352904AD8000FE0BD6 /* NotificationData.swift */,
				BE42A610299D44CA00699D62 /* CaptureInfo.swift */,
				BE42A612299D454000699D62 /* Capture.swift */,
			);
			path = Model;
			sourceTree = "<group>";
		};
		1F665E392904BCE100FE0BD6 /* ProjectMain */ = {
			isa = PBXGroup;
			children = (
				1F2CFA0228FDB014007ADB05 /* HeaderBar.swift */,
				BECCB12B29A2E68C001AB894 /* CardView */,
				1F665E372904B6E100FE0BD6 /* ProjectHeader.swift */,
				1F2CF9FD28FD9FE3007ADB05 /* ProjectListView.swift */,
				1F665E312904A8C000FE0BD6 /* ProjectActions.swift */,
			);
			path = ProjectMain;
			sourceTree = "<group>";
		};
		1F665E3A2904BCEF00FE0BD6 /* Account */ = {
			isa = PBXGroup;
			children = (
				1F8B5CD3290D399200D6EE25 /* SettingsSubViews */,
			);
			path = Account;
			sourceTree = "<group>";
		};
		1F665E3B2904BCF500FE0BD6 /* Notification */ = {
			isa = PBXGroup;
			children = (
				1FF8860829017C840074656B /* Notifications.swift */,
			);
			path = Notification;
			sourceTree = "<group>";
		};
		1F665E3C2904BCFF00FE0BD6 /* Tutorial */ = {
			isa = PBXGroup;
			children = (
				1FF8861229018BA90074656B /* HelpBar.swift */,
			);
			path = Tutorial;
			sourceTree = "<group>";
		};
		1F665E53290600AA00FE0BD6 /* AuthViews */ = {
			isa = PBXGroup;
			children = (
				1F6B39472910524900574F39 /* OnboardingView.swift */,
				1F665E582906014300FE0BD6 /* LoginView.swift */,
				1F665E5A2906015000FE0BD6 /* SignupView.swift */,
				1F407944299113BC00D87F8A /* SignUpOptions.swift */,
				1F4079482991142100D87F8A /* SignUpWithSetup.swift */,
				1F665E5C2906015D00FE0BD6 /* ForgotPasswordView.swift */,
				1F407946299113D900D87F8A /* UserVerification.swift */,
			);
			path = AuthViews;
			sourceTree = "<group>";
		};
		1F665E54290600B700FE0BD6 /* Auth */ = {
			isa = PBXGroup;
			children = (
			);
			path = Auth;
			sourceTree = "<group>";
		};
		1F665E56290600D800FE0BD6 /* MainViews */ = {
			isa = PBXGroup;
			children = (
				1F7C2EDA28FCD1C000972C3A /* ContentView.swift */,
				1F4DD1D129B2696C004D6F75 /* SplashScreenView.swift */,
				1F2CF9FB28FD9978007ADB05 /* HomeView.swift */,
				1FF88602290170D10074656B /* ProjectView.swift */,
				1FF8860629017C5B0074656B /* NotificationView.swift */,
				1FF8860E290180320074656B /* TutorialView.swift */,
				1FF8860C290180170074656B /* SettingsView.swift */,
				1F5A1651290F38D600F9B42C /* ToolBarTest.swift */,
			);
			path = MainViews;
			sourceTree = "<group>";
		};
		1F665E57290600F100FE0BD6 /* SplashAndWelcomeViews */ = {
			isa = PBXGroup;
			children = (
			);
			path = SplashAndWelcomeViews;
			sourceTree = "<group>";
		};
		1F7C2ECC28FCD1C000972C3A = {
			isa = PBXGroup;
			children = (
				1F7C2ED728FCD1C000972C3A /* Recapture */,
				1F7C2EED28FCD1C300972C3A /* RecaptureTests */,
				1F7C2EF728FCD1C300972C3A /* RecaptureUITests */,
				1F7C2ED628FCD1C000972C3A /* Products */,
			);
			sourceTree = "<group>";
		};
		1F7C2ED628FCD1C000972C3A /* Products */ = {
			isa = PBXGroup;
			children = (
				1F7C2ED528FCD1C000972C3A /* Recapture.app */,
				1F7C2EEA28FCD1C300972C3A /* RecaptureTests.xctest */,
				1F7C2EF428FCD1C300972C3A /* RecaptureUITests.xctest */,
			);
			name = Products;
			sourceTree = "<group>";
		};
		1F7C2ED728FCD1C000972C3A /* Recapture */ = {
			isa = PBXGroup;
			children = (
				1F7C2ED828FCD1C000972C3A /* RecaptureApp.swift */,
				BE2424ED299E2EDF00BF8C2C /* Helpers */,
				1F2CFA0128FDAD9F007ADB05 /* Model */,
				1F2CF9F628FD8DAD007ADB05 /* Views */,
				BED1A4BD29A28BEF008FD96B /* Extentions */,
				1F7C2EDC28FCD1C300972C3A /* Assets.xcassets */,
				1F7C2EE128FCD1C300972C3A /* Persistence.swift */,
				1F7C2EE328FCD1C300972C3A /* Recapture.xcdatamodeld */,
				1F7C2EDE28FCD1C300972C3A /* Preview Content */,
			);
			path = Recapture;
			sourceTree = "<group>";
		};
		1F7C2EDE28FCD1C300972C3A /* Preview Content */ = {
			isa = PBXGroup;
			children = (
				1F7C2EDF28FCD1C300972C3A /* Preview Assets.xcassets */,
			);
			path = "Preview Content";
			sourceTree = "<group>";
		};
		1F7C2EED28FCD1C300972C3A /* RecaptureTests */ = {
			isa = PBXGroup;
			children = (
				1F7C2EEE28FCD1C300972C3A /* RecaptureTests.swift */,
			);
			path = RecaptureTests;
			sourceTree = "<group>";
		};
		1F7C2EF728FCD1C300972C3A /* RecaptureUITests */ = {
			isa = PBXGroup;
			children = (
				1F7C2EF828FCD1C300972C3A /* RecaptureUITests.swift */,
				1F7C2EFA28FCD1C300972C3A /* RecaptureUITestsLaunchTests.swift */,
			);
			path = RecaptureUITests;
			sourceTree = "<group>";
		};
		1F8B5CD0290D37BC00D6EE25 /* ProjectCreation */ = {
			isa = PBXGroup;
			children = (
			);
			path = ProjectCreation;
			sourceTree = "<group>";
		};
		1F8B5CD3290D399200D6EE25 /* SettingsSubViews */ = {
			isa = PBXGroup;
			children = (
				1F4761A12911C067005CDF11 /* ProfilePhotoView.swift */,
				1F8B5CD1290D398D00D6EE25 /* AccountView.swift */,
				1F8B5CD4290D39B000D6EE25 /* DomainView.swift */,
				1F8B5CD6290D39BD00D6EE25 /* SubscriptionView.swift */,
				1F8B5CD8290D39E900D6EE25 /* SupportView.swift */,
				1F5A164D290F166A00F9B42C /* LanguageView.swift */,
				1F8B5CDD290D3A1100D6EE25 /* PrivacyView.swift */,
				1F8B5CDF290D3A2100D6EE25 /* TermsView.swift */,
			);
			path = SettingsSubViews;
			sourceTree = "<group>";
		};
		1FF886012901702D0074656B /* Components */ = {
			isa = PBXGroup;
			children = (
				1F8B5CD0290D37BC00D6EE25 /* ProjectCreation */,
				1F665E54290600B700FE0BD6 /* Auth */,
				1F665E392904BCE100FE0BD6 /* ProjectMain */,
				1F665E3B2904BCF500FE0BD6 /* Notification */,
				1F665E3C2904BCFF00FE0BD6 /* Tutorial */,
				1F665E3A2904BCEF00FE0BD6 /* Account */,
			);
			path = Components;
			sourceTree = "<group>";
		};
		1FFCBD1F291292B200F6A6D5 /* CreationViews */ = {
			isa = PBXGroup;
			children = (
				1FFCBD212912930B00F6A6D5 /* MainCreationViews */,
				1FFCBD20291292E600F6A6D5 /* SubCreationView */,
			);
			path = CreationViews;
			sourceTree = "<group>";
		};
		1FFCBD20291292E600F6A6D5 /* SubCreationView */ = {
			isa = PBXGroup;
			children = (
				1FFCBD222912938C00F6A6D5 /* TextEditView.swift */,
				BE2424F8299E505800BF8C2C /* ImageLoader.swift */,
				1FFCBD242912939F00F6A6D5 /* QRCodeView.swift */,
				1FFCBD26291293B300F6A6D5 /* AnalyticsView.swift */,
				1FFCBD28291293C300F6A6D5 /* WebLinkView.swift */,
				1FFCBD2A291293D300F6A6D5 /* ExportView.swift */,
				1FFCBD2C2912A1F900F6A6D5 /* ProjectInfoView.swift */,
			);
			path = SubCreationView;
			sourceTree = "<group>";
		};
		1FFCBD212912930B00F6A6D5 /* MainCreationViews */ = {
			isa = PBXGroup;
			children = (
				BE2424E9299E2E4B00BF8C2C /* CaptureFolderView */,
				BE2424E6299E2D8F00BF8C2C /* CameraView */,
				1FFCBD2E2912A6E000F6A6D5 /* CaptureARView.swift */,
				1FE53F7F2951F7E10097EB08 /* CaptureControls.swift */,
				BE2424F2299E4F8200BF8C2C /* CameraGalleryView.swift */,
				BE2424F4299E4FAF00BF8C2C /* CaptureFoldersView.swift */,
				1FFCBD302912A70600F6A6D5 /* ReviewCapture.swift */,
				1FE53F812951FC3B0097EB08 /* ReviewBottomButton.swift */,
				1FDC55822916BB3D0030D6E4 /* ReviewBottomUpload.swift */,
				1FFCBD322912A73000F6A6D5 /* CapturedPhotos.swift */,
				1F15208329631F7E00C542DC /* SwiftUIViewSource.swift */,
			);
			path = MainCreationViews;
			sourceTree = "<group>";
		};
		BE2424E6299E2D8F00BF8C2C /* CameraView */ = {
			isa = PBXGroup;
			children = (
				BE42A60C299D3F1500699D62 /* CameraView.swift */,
				BE2424E7299E2DA400BF8C2C /* CameraViewModel.swift */,
			);
			path = CameraView;
			sourceTree = "<group>";
		};
		BE2424E9299E2E4B00BF8C2C /* CaptureFolderView */ = {
			isa = PBXGroup;
			children = (
				BE2424EA299E2E6800BF8C2C /* CaptureFolderState.swift */,
			);
			path = CaptureFolderView;
			sourceTree = "<group>";
		};
		BE2424ED299E2EDF00BF8C2C /* Helpers */ = {
			isa = PBXGroup;
			children = (
				BE2424EE299E2EF700BF8C2C /* TriggerEveryTimer.swift */,
				BE2424F0299E2FEF00BF8C2C /* PhotoCaptureDelegate.swift */,
				BE2424F6299E503300BF8C2C /* AsyncImageHelpers.swift */,
			);
			path = Helpers;
			sourceTree = "<group>";
		};
		BECCB12B29A2E68C001AB894 /* CardView */ = {
			isa = PBXGroup;
			children = (
				1FF885FF2901647D0074656B /* CardView.swift */,
				BECCB12C29A2E782001AB894 /* CardViewModel.swift */,
			);
			path = CardView;
			sourceTree = "<group>";
		};
		BED1A4BD29A28BEF008FD96B /* Extentions */ = {
			isa = PBXGroup;
			children = (
				BED1A4BE29A28E85008FD96B /* View+Extension.swift */,
			);
			path = Extentions;
			sourceTree = "<group>";
		};
/* End PBXGroup section */

/* Begin PBXNativeTarget section */
		1F7C2ED428FCD1C000972C3A /* Recapture */ = {
			isa = PBXNativeTarget;
			buildConfigurationList = 1F7C2EFE28FCD1C300972C3A /* Build configuration list for PBXNativeTarget "Recapture" */;
			buildPhases = (
				1F7C2ED128FCD1C000972C3A /* Sources */,
				1F7C2ED228FCD1C000972C3A /* Frameworks */,
				1F7C2ED328FCD1C000972C3A /* Resources */,
			);
			buildRules = (
			);
			dependencies = (
			);
			name = Recapture;
			productName = Recapture;
			productReference = 1F7C2ED528FCD1C000972C3A /* Recapture.app */;
			productType = "com.apple.product-type.application";
		};
		1F7C2EE928FCD1C300972C3A /* RecaptureTests */ = {
			isa = PBXNativeTarget;
			buildConfigurationList = 1F7C2F0128FCD1C300972C3A /* Build configuration list for PBXNativeTarget "RecaptureTests" */;
			buildPhases = (
				1F7C2EE628FCD1C300972C3A /* Sources */,
				1F7C2EE728FCD1C300972C3A /* Frameworks */,
				1F7C2EE828FCD1C300972C3A /* Resources */,
			);
			buildRules = (
			);
			dependencies = (
				1F7C2EEC28FCD1C300972C3A /* PBXTargetDependency */,
			);
			name = RecaptureTests;
			productName = RecaptureTests;
			productReference = 1F7C2EEA28FCD1C300972C3A /* RecaptureTests.xctest */;
			productType = "com.apple.product-type.bundle.unit-test";
		};
		1F7C2EF328FCD1C300972C3A /* RecaptureUITests */ = {
			isa = PBXNativeTarget;
			buildConfigurationList = 1F7C2F0428FCD1C300972C3A /* Build configuration list for PBXNativeTarget "RecaptureUITests" */;
			buildPhases = (
				1F7C2EF028FCD1C300972C3A /* Sources */,
				1F7C2EF128FCD1C300972C3A /* Frameworks */,
				1F7C2EF228FCD1C300972C3A /* Resources */,
			);
			buildRules = (
			);
			dependencies = (
				1F7C2EF628FCD1C300972C3A /* PBXTargetDependency */,
			);
			name = RecaptureUITests;
			productName = RecaptureUITests;
			productReference = 1F7C2EF428FCD1C300972C3A /* RecaptureUITests.xctest */;
			productType = "com.apple.product-type.bundle.ui-testing";
		};
/* End PBXNativeTarget section */

/* Begin PBXProject section */
		1F7C2ECD28FCD1C000972C3A /* Project object */ = {
			isa = PBXProject;
			attributes = {
				BuildIndependentTargetsInParallel = 1;
				LastSwiftUpdateCheck = 1340;
				LastUpgradeCheck = 1340;
				TargetAttributes = {
					1F7C2ED428FCD1C000972C3A = {
						CreatedOnToolsVersion = 13.4.1;
					};
					1F7C2EE928FCD1C300972C3A = {
						CreatedOnToolsVersion = 13.4.1;
						TestTargetID = 1F7C2ED428FCD1C000972C3A;
					};
					1F7C2EF328FCD1C300972C3A = {
						CreatedOnToolsVersion = 13.4.1;
						TestTargetID = 1F7C2ED428FCD1C000972C3A;
					};
				};
			};
			buildConfigurationList = 1F7C2ED028FCD1C000972C3A /* Build configuration list for PBXProject "Recapture" */;
			compatibilityVersion = "Xcode 13.0";
			developmentRegion = en;
			hasScannedForEncodings = 0;
			knownRegions = (
				en,
				Base,
			);
			mainGroup = 1F7C2ECC28FCD1C000972C3A;
			productRefGroup = 1F7C2ED628FCD1C000972C3A /* Products */;
			projectDirPath = "";
			projectRoot = "";
			targets = (
				1F7C2ED428FCD1C000972C3A /* Recapture */,
				1F7C2EE928FCD1C300972C3A /* RecaptureTests */,
				1F7C2EF328FCD1C300972C3A /* RecaptureUITests */,
			);
		};
/* End PBXProject section */

/* Begin PBXResourcesBuildPhase section */
		1F7C2ED328FCD1C000972C3A /* Resources */ = {
			isa = PBXResourcesBuildPhase;
			buildActionMask = 2147483647;
			files = (
				1F7C2EE028FCD1C300972C3A /* Preview Assets.xcassets in Resources */,
				1F7C2EDD28FCD1C300972C3A /* Assets.xcassets in Resources */,
			);
			runOnlyForDeploymentPostprocessing = 0;
		};
		1F7C2EE828FCD1C300972C3A /* Resources */ = {
			isa = PBXResourcesBuildPhase;
			buildActionMask = 2147483647;
			files = (
			);
			runOnlyForDeploymentPostprocessing = 0;
		};
		1F7C2EF228FCD1C300972C3A /* Resources */ = {
			isa = PBXResourcesBuildPhase;
			buildActionMask = 2147483647;
			files = (
			);
			runOnlyForDeploymentPostprocessing = 0;
		};
/* End PBXResourcesBuildPhase section */

/* Begin PBXSourcesBuildPhase section */
		1F7C2ED128FCD1C000972C3A /* Sources */ = {
			isa = PBXSourcesBuildPhase;
			buildActionMask = 2147483647;
			files = (
				1FFCBD2F2912A6E000F6A6D5 /* CaptureARView.swift in Sources */,
				1F8B5CE0290D3A2100D6EE25 /* TermsView.swift in Sources */,
				1FE53F822951FC3B0097EB08 /* ReviewBottomButton.swift in Sources */,
				BE42A60D299D3F1500699D62 /* CameraView.swift in Sources */,
				BE2424EB299E2E6800BF8C2C /* CaptureFolderState.swift in Sources */,
				1FF8860929017C840074656B /* Notifications.swift in Sources */,
				1F2CFA0328FDB014007ADB05 /* HeaderBar.swift in Sources */,
				BE2424F7299E503300BF8C2C /* AsyncImageHelpers.swift in Sources */,
				1FFCBD252912939F00F6A6D5 /* QRCodeView.swift in Sources */,
				1F6B39482910524900574F39 /* OnboardingView.swift in Sources */,
				1F5A164E290F166A00F9B42C /* LanguageView.swift in Sources */,
				1FF886002901647D0074656B /* CardView.swift in Sources */,
				1FFCBD29291293C300F6A6D5 /* WebLinkView.swift in Sources */,
				1FF8860F290180320074656B /* TutorialView.swift in Sources */,
				BE2424F9299E505800BF8C2C /* ImageLoader.swift in Sources */,
				1F4DD1D229B2696D004D6F75 /* SplashScreenView.swift in Sources */,
				BE42A613299D454000699D62 /* Capture.swift in Sources */,
				BE2424F1299E2FEF00BF8C2C /* PhotoCaptureDelegate.swift in Sources */,
				BE2424F5299E4FAF00BF8C2C /* CaptureFoldersView.swift in Sources */,
				BE42A611299D44CA00699D62 /* CaptureInfo.swift in Sources */,
				1FFCBD332912A73000F6A6D5 /* CapturedPhotos.swift in Sources */,
				1F8B5CD7290D39BD00D6EE25 /* SubscriptionView.swift in Sources */,
				1F8B5CD9290D39E900D6EE25 /* SupportView.swift in Sources */,
				BED1A4BF29A28E85008FD96B /* View+Extension.swift in Sources */,
				BE2424F3299E4F8200BF8C2C /* CameraGalleryView.swift in Sources */,
				BECCB12D29A2E782001AB894 /* CardViewModel.swift in Sources */,
				1F8B5CD5290D39B000D6EE25 /* DomainView.swift in Sources */,
				1F8B5CDE290D3A1100D6EE25 /* PrivacyView.swift in Sources */,
				1FFCBD2D2912A1F900F6A6D5 /* ProjectInfoView.swift in Sources */,
				BE42A60F299D440800699D62 /* CameraPreviewView.swift in Sources */,
				1FFCBD312912A70600F6A6D5 /* ReviewCapture.swift in Sources */,
				1F665E322904A8C000FE0BD6 /* ProjectActions.swift in Sources */,
				BE2424EF299E2EF700BF8C2C /* TriggerEveryTimer.swift in Sources */,
				1FDC55832916BB3D0030D6E4 /* ReviewBottomUpload.swift in Sources */,
				1FF88603290170D10074656B /* ProjectView.swift in Sources */,
				1FF8860729017C5B0074656B /* NotificationView.swift in Sources */,
				1F665E362904AD8000FE0BD6 /* NotificationData.swift in Sources */,
				1F407947299113D900D87F8A /* UserVerification.swift in Sources */,
				1FE53F802951F7E10097EB08 /* CaptureControls.swift in Sources */,
				1F7C2EE228FCD1C300972C3A /* Persistence.swift in Sources */,
				1F665E342904AA8800FE0BD6 /* ProjectData.swift in Sources */,
				1F4761A22911C067005CDF11 /* ProfilePhotoView.swift in Sources */,
				1FF8860D290180170074656B /* SettingsView.swift in Sources */,
				1FFCBD232912938C00F6A6D5 /* TextEditView.swift in Sources */,
				1F8B5CD2290D398D00D6EE25 /* AccountView.swift in Sources */,
				1F7C2EE528FCD1C300972C3A /* Recapture.xcdatamodeld in Sources */,
				1F665E5D2906015D00FE0BD6 /* ForgotPasswordView.swift in Sources */,
				1F7C2EDB28FCD1C000972C3A /* ContentView.swift in Sources */,
				1FFCBD27291293B300F6A6D5 /* AnalyticsView.swift in Sources */,
				1F407945299113BC00D87F8A /* SignUpOptions.swift in Sources */,
				1FF8861329018BA90074656B /* HelpBar.swift in Sources */,
				1F4079492991142100D87F8A /* SignUpWithSetup.swift in Sources */,
				1F665E592906014300FE0BD6 /* LoginView.swift in Sources */,
				1F2CF9FC28FD9978007ADB05 /* HomeView.swift in Sources */,
				1F5A1652290F38D600F9B42C /* ToolBarTest.swift in Sources */,
				1F2CF9FE28FD9FE3007ADB05 /* ProjectListView.swift in Sources */,
				1FFCBD2B291293D300F6A6D5 /* ExportView.swift in Sources */,
				1F665E382904B6E100FE0BD6 /* ProjectHeader.swift in Sources */,
				1F15208429631F7E00C542DC /* SwiftUIViewSource.swift in Sources */,
				BE2424E8299E2DA400BF8C2C /* CameraViewModel.swift in Sources */,
				1F665E5B2906015000FE0BD6 /* SignupView.swift in Sources */,
				1F7C2ED928FCD1C000972C3A /* RecaptureApp.swift in Sources */,
			);
			runOnlyForDeploymentPostprocessing = 0;
		};
		1F7C2EE628FCD1C300972C3A /* Sources */ = {
			isa = PBXSourcesBuildPhase;
			buildActionMask = 2147483647;
			files = (
				1F7C2EEF28FCD1C300972C3A /* RecaptureTests.swift in Sources */,
			);
			runOnlyForDeploymentPostprocessing = 0;
		};
		1F7C2EF028FCD1C300972C3A /* Sources */ = {
			isa = PBXSourcesBuildPhase;
			buildActionMask = 2147483647;
			files = (
				1F7C2EFB28FCD1C300972C3A /* RecaptureUITestsLaunchTests.swift in Sources */,
				1F7C2EF928FCD1C300972C3A /* RecaptureUITests.swift in Sources */,
			);
			runOnlyForDeploymentPostprocessing = 0;
		};
/* End PBXSourcesBuildPhase section */

/* Begin PBXTargetDependency section */
		1F7C2EEC28FCD1C300972C3A /* PBXTargetDependency */ = {
			isa = PBXTargetDependency;
			target = 1F7C2ED428FCD1C000972C3A /* Recapture */;
			targetProxy = 1F7C2EEB28FCD1C300972C3A /* PBXContainerItemProxy */;
		};
		1F7C2EF628FCD1C300972C3A /* PBXTargetDependency */ = {
			isa = PBXTargetDependency;
			target = 1F7C2ED428FCD1C000972C3A /* Recapture */;
			targetProxy = 1F7C2EF528FCD1C300972C3A /* PBXContainerItemProxy */;
		};
/* End PBXTargetDependency section */

/* Begin XCBuildConfiguration section */
		1F7C2EFC28FCD1C300972C3A /* Debug */ = {
			isa = XCBuildConfiguration;
			buildSettings = {
				ALWAYS_SEARCH_USER_PATHS = NO;
				CLANG_ANALYZER_NONNULL = YES;
				CLANG_ANALYZER_NUMBER_OBJECT_CONVERSION = YES_AGGRESSIVE;
				CLANG_CXX_LANGUAGE_STANDARD = "gnu++17";
				CLANG_ENABLE_MODULES = YES;
				CLANG_ENABLE_OBJC_ARC = YES;
				CLANG_ENABLE_OBJC_WEAK = YES;
				CLANG_WARN_BLOCK_CAPTURE_AUTORELEASING = YES;
				CLANG_WARN_BOOL_CONVERSION = YES;
				CLANG_WARN_COMMA = YES;
				CLANG_WARN_CONSTANT_CONVERSION = YES;
				CLANG_WARN_DEPRECATED_OBJC_IMPLEMENTATIONS = YES;
				CLANG_WARN_DIRECT_OBJC_ISA_USAGE = YES_ERROR;
				CLANG_WARN_DOCUMENTATION_COMMENTS = YES;
				CLANG_WARN_EMPTY_BODY = YES;
				CLANG_WARN_ENUM_CONVERSION = YES;
				CLANG_WARN_INFINITE_RECURSION = YES;
				CLANG_WARN_INT_CONVERSION = YES;
				CLANG_WARN_NON_LITERAL_NULL_CONVERSION = YES;
				CLANG_WARN_OBJC_IMPLICIT_RETAIN_SELF = YES;
				CLANG_WARN_OBJC_LITERAL_CONVERSION = YES;
				CLANG_WARN_OBJC_ROOT_CLASS = YES_ERROR;
				CLANG_WARN_QUOTED_INCLUDE_IN_FRAMEWORK_HEADER = YES;
				CLANG_WARN_RANGE_LOOP_ANALYSIS = YES;
				CLANG_WARN_STRICT_PROTOTYPES = YES;
				CLANG_WARN_SUSPICIOUS_MOVE = YES;
				CLANG_WARN_UNGUARDED_AVAILABILITY = YES_AGGRESSIVE;
				CLANG_WARN_UNREACHABLE_CODE = YES;
				CLANG_WARN__DUPLICATE_METHOD_MATCH = YES;
				COPY_PHASE_STRIP = NO;
				DEBUG_INFORMATION_FORMAT = dwarf;
				ENABLE_STRICT_OBJC_MSGSEND = YES;
				ENABLE_TESTABILITY = YES;
				GCC_C_LANGUAGE_STANDARD = gnu11;
				GCC_DYNAMIC_NO_PIC = NO;
				GCC_NO_COMMON_BLOCKS = YES;
				GCC_OPTIMIZATION_LEVEL = 0;
				GCC_PREPROCESSOR_DEFINITIONS = (
					"DEBUG=1",
					"$(inherited)",
				);
				GCC_WARN_64_TO_32_BIT_CONVERSION = YES;
				GCC_WARN_ABOUT_RETURN_TYPE = YES_ERROR;
				GCC_WARN_UNDECLARED_SELECTOR = YES;
				GCC_WARN_UNINITIALIZED_AUTOS = YES_AGGRESSIVE;
				GCC_WARN_UNUSED_FUNCTION = YES;
				GCC_WARN_UNUSED_VARIABLE = YES;
				IPHONEOS_DEPLOYMENT_TARGET = 15.0;
				MTL_ENABLE_DEBUG_INFO = INCLUDE_SOURCE;
				MTL_FAST_MATH = YES;
				ONLY_ACTIVE_ARCH = YES;
				SDKROOT = iphoneos;
				SWIFT_ACTIVE_COMPILATION_CONDITIONS = DEBUG;
				SWIFT_OPTIMIZATION_LEVEL = "-Onone";
			};
			name = Debug;
		};
		1F7C2EFD28FCD1C300972C3A /* Release */ = {
			isa = XCBuildConfiguration;
			buildSettings = {
				ALWAYS_SEARCH_USER_PATHS = NO;
				CLANG_ANALYZER_NONNULL = YES;
				CLANG_ANALYZER_NUMBER_OBJECT_CONVERSION = YES_AGGRESSIVE;
				CLANG_CXX_LANGUAGE_STANDARD = "gnu++17";
				CLANG_ENABLE_MODULES = YES;
				CLANG_ENABLE_OBJC_ARC = YES;
				CLANG_ENABLE_OBJC_WEAK = YES;
				CLANG_WARN_BLOCK_CAPTURE_AUTORELEASING = YES;
				CLANG_WARN_BOOL_CONVERSION = YES;
				CLANG_WARN_COMMA = YES;
				CLANG_WARN_CONSTANT_CONVERSION = YES;
				CLANG_WARN_DEPRECATED_OBJC_IMPLEMENTATIONS = YES;
				CLANG_WARN_DIRECT_OBJC_ISA_USAGE = YES_ERROR;
				CLANG_WARN_DOCUMENTATION_COMMENTS = YES;
				CLANG_WARN_EMPTY_BODY = YES;
				CLANG_WARN_ENUM_CONVERSION = YES;
				CLANG_WARN_INFINITE_RECURSION = YES;
				CLANG_WARN_INT_CONVERSION = YES;
				CLANG_WARN_NON_LITERAL_NULL_CONVERSION = YES;
				CLANG_WARN_OBJC_IMPLICIT_RETAIN_SELF = YES;
				CLANG_WARN_OBJC_LITERAL_CONVERSION = YES;
				CLANG_WARN_OBJC_ROOT_CLASS = YES_ERROR;
				CLANG_WARN_QUOTED_INCLUDE_IN_FRAMEWORK_HEADER = YES;
				CLANG_WARN_RANGE_LOOP_ANALYSIS = YES;
				CLANG_WARN_STRICT_PROTOTYPES = YES;
				CLANG_WARN_SUSPICIOUS_MOVE = YES;
				CLANG_WARN_UNGUARDED_AVAILABILITY = YES_AGGRESSIVE;
				CLANG_WARN_UNREACHABLE_CODE = YES;
				CLANG_WARN__DUPLICATE_METHOD_MATCH = YES;
				COPY_PHASE_STRIP = NO;
				DEBUG_INFORMATION_FORMAT = "dwarf-with-dsym";
				ENABLE_NS_ASSERTIONS = NO;
				ENABLE_STRICT_OBJC_MSGSEND = YES;
				GCC_C_LANGUAGE_STANDARD = gnu11;
				GCC_NO_COMMON_BLOCKS = YES;
				GCC_WARN_64_TO_32_BIT_CONVERSION = YES;
				GCC_WARN_ABOUT_RETURN_TYPE = YES_ERROR;
				GCC_WARN_UNDECLARED_SELECTOR = YES;
				GCC_WARN_UNINITIALIZED_AUTOS = YES_AGGRESSIVE;
				GCC_WARN_UNUSED_FUNCTION = YES;
				GCC_WARN_UNUSED_VARIABLE = YES;
				IPHONEOS_DEPLOYMENT_TARGET = 15.0;
				MTL_ENABLE_DEBUG_INFO = NO;
				MTL_FAST_MATH = YES;
				SDKROOT = iphoneos;
				SWIFT_COMPILATION_MODE = wholemodule;
				SWIFT_OPTIMIZATION_LEVEL = "-O";
				VALIDATE_PRODUCT = YES;
			};
			name = Release;
		};
		1F7C2EFF28FCD1C300972C3A /* Debug */ = {
			isa = XCBuildConfiguration;
			buildSettings = {
				ASSETCATALOG_COMPILER_APPICON_NAME = AppIcon;
				ASSETCATALOG_COMPILER_GLOBAL_ACCENT_COLOR_NAME = AccentColor;
				CODE_SIGN_STYLE = Automatic;
				CURRENT_PROJECT_VERSION = 1;
				DEVELOPMENT_ASSET_PATHS = "\"Recapture/Preview Content\"";
				DEVELOPMENT_TEAM = RGK9UBPUGL;
				ENABLE_PREVIEWS = YES;
				GENERATE_INFOPLIST_FILE = YES;
				INFOPLIST_KEY_NSCameraUsageDescription = "We need your camera to take pictures";
				INFOPLIST_KEY_UIApplicationSceneManifest_Generation = YES;
				INFOPLIST_KEY_UIApplicationSupportsIndirectInputEvents = YES;
				INFOPLIST_KEY_UILaunchScreen_Generation = YES;
				INFOPLIST_KEY_UIStatusBarStyle = "";
				INFOPLIST_KEY_UISupportedInterfaceOrientations = UIInterfaceOrientationPortrait;
				IPHONEOS_DEPLOYMENT_TARGET = 15.0;
				LD_RUNPATH_SEARCH_PATHS = (
					"$(inherited)",
					"@executable_path/Frameworks",
				);
				MARKETING_VERSION = 1.0;
				PRODUCT_BUNDLE_IDENTIFIER = com.benagos.Recapture;
				PRODUCT_NAME = "$(TARGET_NAME)";
				SWIFT_EMIT_LOC_STRINGS = YES;
				SWIFT_VERSION = 5.0;
				TARGETED_DEVICE_FAMILY = "1,2";
			};
			name = Debug;
		};
		1F7C2F0028FCD1C300972C3A /* Release */ = {
			isa = XCBuildConfiguration;
			buildSettings = {
				ASSETCATALOG_COMPILER_APPICON_NAME = AppIcon;
				ASSETCATALOG_COMPILER_GLOBAL_ACCENT_COLOR_NAME = AccentColor;
				CODE_SIGN_STYLE = Automatic;
				CURRENT_PROJECT_VERSION = 1;
				DEVELOPMENT_ASSET_PATHS = "\"Recapture/Preview Content\"";
				DEVELOPMENT_TEAM = RGK9UBPUGL;
				ENABLE_PREVIEWS = YES;
				GENERATE_INFOPLIST_FILE = YES;
				INFOPLIST_KEY_NSCameraUsageDescription = "We need your camera to take pictures";
				INFOPLIST_KEY_UIApplicationSceneManifest_Generation = YES;
				INFOPLIST_KEY_UIApplicationSupportsIndirectInputEvents = YES;
				INFOPLIST_KEY_UILaunchScreen_Generation = YES;
				INFOPLIST_KEY_UIStatusBarStyle = "";
				INFOPLIST_KEY_UISupportedInterfaceOrientations = UIInterfaceOrientationPortrait;
				IPHONEOS_DEPLOYMENT_TARGET = 15.0;
				LD_RUNPATH_SEARCH_PATHS = (
					"$(inherited)",
					"@executable_path/Frameworks",
				);
				MARKETING_VERSION = 1.0;
				PRODUCT_BUNDLE_IDENTIFIER = com.benagos.Recapture;
				PRODUCT_NAME = "$(TARGET_NAME)";
				SWIFT_EMIT_LOC_STRINGS = YES;
				SWIFT_VERSION = 5.0;
				TARGETED_DEVICE_FAMILY = "1,2";
			};
			name = Release;
		};
		1F7C2F0228FCD1C300972C3A /* Debug */ = {
			isa = XCBuildConfiguration;
			buildSettings = {
				ALWAYS_EMBED_SWIFT_STANDARD_LIBRARIES = YES;
				BUNDLE_LOADER = "$(TEST_HOST)";
				CODE_SIGN_STYLE = Automatic;
				CURRENT_PROJECT_VERSION = 1;
				DEVELOPMENT_TEAM = RGK9UBPUGL;
				GENERATE_INFOPLIST_FILE = YES;
				IPHONEOS_DEPLOYMENT_TARGET = 15.0;
				MARKETING_VERSION = 1.0;
				PRODUCT_BUNDLE_IDENTIFIER = com.recapturelabs.RecaptureTests;
				PRODUCT_NAME = "$(TARGET_NAME)";
				SWIFT_EMIT_LOC_STRINGS = NO;
				SWIFT_VERSION = 5.0;
				TARGETED_DEVICE_FAMILY = "1,2";
				TEST_HOST = "$(BUILT_PRODUCTS_DIR)/Recapture.app/Recapture";
			};
			name = Debug;
		};
		1F7C2F0328FCD1C300972C3A /* Release */ = {
			isa = XCBuildConfiguration;
			buildSettings = {
				ALWAYS_EMBED_SWIFT_STANDARD_LIBRARIES = YES;
				BUNDLE_LOADER = "$(TEST_HOST)";
				CODE_SIGN_STYLE = Automatic;
				CURRENT_PROJECT_VERSION = 1;
				DEVELOPMENT_TEAM = RGK9UBPUGL;
				GENERATE_INFOPLIST_FILE = YES;
				IPHONEOS_DEPLOYMENT_TARGET = 15.0;
				MARKETING_VERSION = 1.0;
				PRODUCT_BUNDLE_IDENTIFIER = com.recapturelabs.RecaptureTests;
				PRODUCT_NAME = "$(TARGET_NAME)";
				SWIFT_EMIT_LOC_STRINGS = NO;
				SWIFT_VERSION = 5.0;
				TARGETED_DEVICE_FAMILY = "1,2";
				TEST_HOST = "$(BUILT_PRODUCTS_DIR)/Recapture.app/Recapture";
			};
			name = Release;
		};
		1F7C2F0528FCD1C300972C3A /* Debug */ = {
			isa = XCBuildConfiguration;
			buildSettings = {
				ALWAYS_EMBED_SWIFT_STANDARD_LIBRARIES = YES;
				CODE_SIGN_STYLE = Automatic;
				CURRENT_PROJECT_VERSION = 1;
				DEVELOPMENT_TEAM = RGK9UBPUGL;
				GENERATE_INFOPLIST_FILE = YES;
				IPHONEOS_DEPLOYMENT_TARGET = 15.0;
				MARKETING_VERSION = 1.0;
				PRODUCT_BUNDLE_IDENTIFIER = com.recapturelabs.RecaptureUITests;
				PRODUCT_NAME = "$(TARGET_NAME)";
				SWIFT_EMIT_LOC_STRINGS = NO;
				SWIFT_VERSION = 5.0;
				TARGETED_DEVICE_FAMILY = "1,2";
				TEST_TARGET_NAME = Recapture;
			};
			name = Debug;
		};
		1F7C2F0628FCD1C300972C3A /* Release */ = {
			isa = XCBuildConfiguration;
			buildSettings = {
				ALWAYS_EMBED_SWIFT_STANDARD_LIBRARIES = YES;
				CODE_SIGN_STYLE = Automatic;
				CURRENT_PROJECT_VERSION = 1;
				DEVELOPMENT_TEAM = RGK9UBPUGL;
				GENERATE_INFOPLIST_FILE = YES;
				IPHONEOS_DEPLOYMENT_TARGET = 15.0;
				MARKETING_VERSION = 1.0;
				PRODUCT_BUNDLE_IDENTIFIER = com.recapturelabs.RecaptureUITests;
				PRODUCT_NAME = "$(TARGET_NAME)";
				SWIFT_EMIT_LOC_STRINGS = NO;
				SWIFT_VERSION = 5.0;
				TARGETED_DEVICE_FAMILY = "1,2";
				TEST_TARGET_NAME = Recapture;
			};
			name = Release;
		};
/* End XCBuildConfiguration section */

/* Begin XCConfigurationList section */
		1F7C2ED028FCD1C000972C3A /* Build configuration list for PBXProject "Recapture" */ = {
			isa = XCConfigurationList;
			buildConfigurations = (
				1F7C2EFC28FCD1C300972C3A /* Debug */,
				1F7C2EFD28FCD1C300972C3A /* Release */,
			);
			defaultConfigurationIsVisible = 0;
			defaultConfigurationName = Release;
		};
		1F7C2EFE28FCD1C300972C3A /* Build configuration list for PBXNativeTarget "Recapture" */ = {
			isa = XCConfigurationList;
			buildConfigurations = (
				1F7C2EFF28FCD1C300972C3A /* Debug */,
				1F7C2F0028FCD1C300972C3A /* Release */,
			);
			defaultConfigurationIsVisible = 0;
			defaultConfigurationName = Release;
		};
		1F7C2F0128FCD1C300972C3A /* Build configuration list for PBXNativeTarget "RecaptureTests" */ = {
			isa = XCConfigurationList;
			buildConfigurations = (
				1F7C2F0228FCD1C300972C3A /* Debug */,
				1F7C2F0328FCD1C300972C3A /* Release */,
			);
			defaultConfigurationIsVisible = 0;
			defaultConfigurationName = Release;
		};
		1F7C2F0428FCD1C300972C3A /* Build configuration list for PBXNativeTarget "RecaptureUITests" */ = {
			isa = XCConfigurationList;
			buildConfigurations = (
				1F7C2F0528FCD1C300972C3A /* Debug */,
				1F7C2F0628FCD1C300972C3A /* Release */,
			);
			defaultConfigurationIsVisible = 0;
			defaultConfigurationName = Release;
		};
/* End XCConfigurationList section */

/* Begin XCVersionGroup section */
		1F7C2EE328FCD1C300972C3A /* Recapture.xcdatamodeld */ = {
			isa = XCVersionGroup;
			children = (
				1F7C2EE428FCD1C300972C3A /* Recapture.xcdatamodel */,
			);
			currentVersion = 1F7C2EE428FCD1C300972C3A /* Recapture.xcdatamodel */;
			path = Recapture.xcdatamodeld;
			sourceTree = "<group>";
			versionGroupType = wrapper.xcdatamodel;
		};
/* End XCVersionGroup section */
	};
	rootObject = 1F7C2ECD28FCD1C000972C3A /* Project object */;
}
