// !$*UTF8*$!
{
	archiveVersion = 1;
	classes = {
	};
	objectVersion = 55;
	objects = {

/* Begin PBXBuildFile section */
		1F2CF9FC28FD9978007ADB05 /* HomeView.swift in Sources */ = {isa = PBXBuildFile; fileRef = 1F2CF9FB28FD9978007ADB05 /* HomeView.swift */; };
		1F2CF9FE28FD9FE3007ADB05 /* ProjectListView.swift in Sources */ = {isa = PBXBuildFile; fileRef = 1F2CF9FD28FD9FE3007ADB05 /* ProjectListView.swift */; };
		1F2CFA0328FDB014007ADB05 /* HeaderBar.swift in Sources */ = {isa = PBXBuildFile; fileRef = 1F2CFA0228FDB014007ADB05 /* HeaderBar.swift */; };
		1F7C2ED928FCD1C000972C3A /* RecaptureApp.swift in Sources */ = {isa = PBXBuildFile; fileRef = 1F7C2ED828FCD1C000972C3A /* RecaptureApp.swift */; };
		1F7C2EDB28FCD1C000972C3A /* ContentView.swift in Sources */ = {isa = PBXBuildFile; fileRef = 1F7C2EDA28FCD1C000972C3A /* ContentView.swift */; };
		1F7C2EDD28FCD1C300972C3A /* Assets.xcassets in Resources */ = {isa = PBXBuildFile; fileRef = 1F7C2EDC28FCD1C300972C3A /* Assets.xcassets */; };
		1F7C2EE028FCD1C300972C3A /* Preview Assets.xcassets in Resources */ = {isa = PBXBuildFile; fileRef = 1F7C2EDF28FCD1C300972C3A /* Preview Assets.xcassets */; };
		1F7C2EE228FCD1C300972C3A /* Persistence.swift in Sources */ = {isa = PBXBuildFile; fileRef = 1F7C2EE128FCD1C300972C3A /* Persistence.swift */; };
		1F7C2EE528FCD1C300972C3A /* Recapture.xcdatamodeld in Sources */ = {isa = PBXBuildFile; fileRef = 1F7C2EE328FCD1C300972C3A /* Recapture.xcdatamodeld */; };
		1F7C2EEF28FCD1C300972C3A /* RecaptureTests.swift in Sources */ = {isa = PBXBuildFile; fileRef = 1F7C2EEE28FCD1C300972C3A /* RecaptureTests.swift */; };
		1F7C2EF928FCD1C300972C3A /* RecaptureUITests.swift in Sources */ = {isa = PBXBuildFile; fileRef = 1F7C2EF828FCD1C300972C3A /* RecaptureUITests.swift */; };
		1F7C2EFB28FCD1C300972C3A /* RecaptureUITestsLaunchTests.swift in Sources */ = {isa = PBXBuildFile; fileRef = 1F7C2EFA28FCD1C300972C3A /* RecaptureUITestsLaunchTests.swift */; };
		1FF886002901647D0074656B /* CardView.swift in Sources */ = {isa = PBXBuildFile; fileRef = 1FF885FF2901647D0074656B /* CardView.swift */; };
		1FF88603290170D10074656B /* ProjectView.swift in Sources */ = {isa = PBXBuildFile; fileRef = 1FF88602290170D10074656B /* ProjectView.swift */; };
		1FF88605290173320074656B /* HeaderData.swift in Sources */ = {isa = PBXBuildFile; fileRef = 1FF88604290173320074656B /* HeaderData.swift */; };
		1FF8860729017C5B0074656B /* NotificationView.swift in Sources */ = {isa = PBXBuildFile; fileRef = 1FF8860629017C5B0074656B /* NotificationView.swift */; };
		1FF8860929017C840074656B /* Notifications.swift in Sources */ = {isa = PBXBuildFile; fileRef = 1FF8860829017C840074656B /* Notifications.swift */; };
		1FF8860B29017FFE0074656B /* TutorialView.swift in Sources */ = {isa = PBXBuildFile; fileRef = 1FF8860A29017FFE0074656B /* TutorialView.swift */; };
		1FF8860D290180170074656B /* SettingsView.swift in Sources */ = {isa = PBXBuildFile; fileRef = 1FF8860C290180170074656B /* SettingsView.swift */; };
		1FF8860F290180320074656B /* Tutorial.swift in Sources */ = {isa = PBXBuildFile; fileRef = 1FF8860E290180320074656B /* Tutorial.swift */; };
		1FF886112901832D0074656B /* AccountSettings.swift in Sources */ = {isa = PBXBuildFile; fileRef = 1FF886102901832D0074656B /* AccountSettings.swift */; };
		1FF8861329018BA90074656B /* TutorialMore.swift in Sources */ = {isa = PBXBuildFile; fileRef = 1FF8861229018BA90074656B /* TutorialMore.swift */; };
/* End PBXBuildFile section */

/* Begin PBXContainerItemProxy section */
		1F7C2EEB28FCD1C300972C3A /* PBXContainerItemProxy */ = {
			isa = PBXContainerItemProxy;
			containerPortal = 1F7C2ECD28FCD1C000972C3A /* Project object */;
			proxyType = 1;
			remoteGlobalIDString = 1F7C2ED428FCD1C000972C3A;
			remoteInfo = Recapture;
		};
		1F7C2EF528FCD1C300972C3A /* PBXContainerItemProxy */ = {
			isa = PBXContainerItemProxy;
			containerPortal = 1F7C2ECD28FCD1C000972C3A /* Project object */;
			proxyType = 1;
			remoteGlobalIDString = 1F7C2ED428FCD1C000972C3A;
			remoteInfo = Recapture;
		};
/* End PBXContainerItemProxy section */

/* Begin PBXFileReference section */
		1F2CF9FB28FD9978007ADB05 /* HomeView.swift */ = {isa = PBXFileReference; lastKnownFileType = sourcecode.swift; path = HomeView.swift; sourceTree = "<group>"; };
		1F2CF9FD28FD9FE3007ADB05 /* ProjectListView.swift */ = {isa = PBXFileReference; lastKnownFileType = sourcecode.swift; path = ProjectListView.swift; sourceTree = "<group>"; };
		1F2CFA0228FDB014007ADB05 /* HeaderBar.swift */ = {isa = PBXFileReference; lastKnownFileType = sourcecode.swift; path = HeaderBar.swift; sourceTree = "<group>"; };
		1F7C2ED528FCD1C000972C3A /* Recapture.app */ = {isa = PBXFileReference; explicitFileType = wrapper.application; includeInIndex = 0; path = Recapture.app; sourceTree = BUILT_PRODUCTS_DIR; };
		1F7C2ED828FCD1C000972C3A /* RecaptureApp.swift */ = {isa = PBXFileReference; lastKnownFileType = sourcecode.swift; path = RecaptureApp.swift; sourceTree = "<group>"; };
		1F7C2EDA28FCD1C000972C3A /* ContentView.swift */ = {isa = PBXFileReference; lastKnownFileType = sourcecode.swift; path = ContentView.swift; sourceTree = "<group>"; };
		1F7C2EDC28FCD1C300972C3A /* Assets.xcassets */ = {isa = PBXFileReference; lastKnownFileType = folder.assetcatalog; path = Assets.xcassets; sourceTree = "<group>"; };
		1F7C2EDF28FCD1C300972C3A /* Preview Assets.xcassets */ = {isa = PBXFileReference; lastKnownFileType = folder.assetcatalog; path = "Preview Assets.xcassets"; sourceTree = "<group>"; };
		1F7C2EE128FCD1C300972C3A /* Persistence.swift */ = {isa = PBXFileReference; lastKnownFileType = sourcecode.swift; path = Persistence.swift; sourceTree = "<group>"; };
		1F7C2EE428FCD1C300972C3A /* Recapture.xcdatamodel */ = {isa = PBXFileReference; lastKnownFileType = wrapper.xcdatamodel; path = Recapture.xcdatamodel; sourceTree = "<group>"; };
		1F7C2EEA28FCD1C300972C3A /* RecaptureTests.xctest */ = {isa = PBXFileReference; explicitFileType = wrapper.cfbundle; includeInIndex = 0; path = RecaptureTests.xctest; sourceTree = BUILT_PRODUCTS_DIR; };
		1F7C2EEE28FCD1C300972C3A /* RecaptureTests.swift */ = {isa = PBXFileReference; lastKnownFileType = sourcecode.swift; path = RecaptureTests.swift; sourceTree = "<group>"; };
		1F7C2EF428FCD1C300972C3A /* RecaptureUITests.xctest */ = {isa = PBXFileReference; explicitFileType = wrapper.cfbundle; includeInIndex = 0; path = RecaptureUITests.xctest; sourceTree = BUILT_PRODUCTS_DIR; };
		1F7C2EF828FCD1C300972C3A /* RecaptureUITests.swift */ = {isa = PBXFileReference; lastKnownFileType = sourcecode.swift; path = RecaptureUITests.swift; sourceTree = "<group>"; };
		1F7C2EFA28FCD1C300972C3A /* RecaptureUITestsLaunchTests.swift */ = {isa = PBXFileReference; lastKnownFileType = sourcecode.swift; path = RecaptureUITestsLaunchTests.swift; sourceTree = "<group>"; };
		1FF885FF2901647D0074656B /* CardView.swift */ = {isa = PBXFileReference; lastKnownFileType = sourcecode.swift; path = CardView.swift; sourceTree = "<group>"; };
		1FF88602290170D10074656B /* ProjectView.swift */ = {isa = PBXFileReference; lastKnownFileType = sourcecode.swift; path = ProjectView.swift; sourceTree = "<group>"; };
		1FF88604290173320074656B /* HeaderData.swift */ = {isa = PBXFileReference; lastKnownFileType = sourcecode.swift; path = HeaderData.swift; sourceTree = "<group>"; };
		1FF8860629017C5B0074656B /* NotificationView.swift */ = {isa = PBXFileReference; lastKnownFileType = sourcecode.swift; path = NotificationView.swift; sourceTree = "<group>"; };
		1FF8860829017C840074656B /* Notifications.swift */ = {isa = PBXFileReference; lastKnownFileType = sourcecode.swift; path = Notifications.swift; sourceTree = "<group>"; };
		1FF8860A29017FFE0074656B /* TutorialView.swift */ = {isa = PBXFileReference; lastKnownFileType = sourcecode.swift; path = TutorialView.swift; sourceTree = "<group>"; };
		1FF8860C290180170074656B /* SettingsView.swift */ = {isa = PBXFileReference; lastKnownFileType = sourcecode.swift; path = SettingsView.swift; sourceTree = "<group>"; };
		1FF8860E290180320074656B /* Tutorial.swift */ = {isa = PBXFileReference; lastKnownFileType = sourcecode.swift; path = Tutorial.swift; sourceTree = "<group>"; };
		1FF886102901832D0074656B /* AccountSettings.swift */ = {isa = PBXFileReference; lastKnownFileType = sourcecode.swift; path = AccountSettings.swift; sourceTree = "<group>"; };
		1FF8861229018BA90074656B /* TutorialMore.swift */ = {isa = PBXFileReference; lastKnownFileType = sourcecode.swift; path = TutorialMore.swift; sourceTree = "<group>"; };
/* End PBXFileReference section */

/* Begin PBXFrameworksBuildPhase section */
		1F7C2ED228FCD1C000972C3A /* Frameworks */ = {
			isa = PBXFrameworksBuildPhase;
			buildActionMask = 2147483647;
			files = (
			);
			runOnlyForDeploymentPostprocessing = 0;
		};
		1F7C2EE728FCD1C300972C3A /* Frameworks */ = {
			isa = PBXFrameworksBuildPhase;
			buildActionMask = 2147483647;
			files = (
			);
			runOnlyForDeploymentPostprocessing = 0;
		};
		1F7C2EF128FCD1C300972C3A /* Frameworks */ = {
			isa = PBXFrameworksBuildPhase;
			buildActionMask = 2147483647;
			files = (
			);
			runOnlyForDeploymentPostprocessing = 0;
		};
/* End PBXFrameworksBuildPhase section */

/* Begin PBXGroup section */
		1F2CF9F628FD8DAD007ADB05 /* Views */ = {
			isa = PBXGroup;
			children = (
				1F7C2EDA28FCD1C000972C3A /* ContentView.swift */,
				1F2CF9FB28FD9978007ADB05 /* HomeView.swift */,
				1FF88602290170D10074656B /* ProjectView.swift */,
				1FF8860629017C5B0074656B /* NotificationView.swift */,
				1FF8860A29017FFE0074656B /* TutorialView.swift */,
				1FF8860C290180170074656B /* SettingsView.swift */,
			);
			path = Views;
			sourceTree = "<group>";
		};
		1F2CFA0128FDAD9F007ADB05 /* Model */ = {
			isa = PBXGroup;
			children = (
				1FF88604290173320074656B /* HeaderData.swift */,
			);
			path = Model;
			sourceTree = "<group>";
		};
		1F7C2ECC28FCD1C000972C3A = {
			isa = PBXGroup;
			children = (
				1F7C2ED728FCD1C000972C3A /* Recapture */,
				1F7C2EED28FCD1C300972C3A /* RecaptureTests */,
				1F7C2EF728FCD1C300972C3A /* RecaptureUITests */,
				1F7C2ED628FCD1C000972C3A /* Products */,
			);
			sourceTree = "<group>";
		};
		1F7C2ED628FCD1C000972C3A /* Products */ = {
			isa = PBXGroup;
			children = (
				1F7C2ED528FCD1C000972C3A /* Recapture.app */,
				1F7C2EEA28FCD1C300972C3A /* RecaptureTests.xctest */,
				1F7C2EF428FCD1C300972C3A /* RecaptureUITests.xctest */,
			);
			name = Products;
			sourceTree = "<group>";
		};
		1F7C2ED728FCD1C000972C3A /* Recapture */ = {
			isa = PBXGroup;
			children = (
				1F7C2ED828FCD1C000972C3A /* RecaptureApp.swift */,
				1F2CFA0128FDAD9F007ADB05 /* Model */,
				1F2CF9F628FD8DAD007ADB05 /* Views */,
				1FF886012901702D0074656B /* Components */,
				1F7C2EDC28FCD1C300972C3A /* Assets.xcassets */,
				1F7C2EE128FCD1C300972C3A /* Persistence.swift */,
				1F7C2EE328FCD1C300972C3A /* Recapture.xcdatamodeld */,
				1F7C2EDE28FCD1C300972C3A /* Preview Content */,
			);
			path = Recapture;
			sourceTree = "<group>";
		};
		1F7C2EDE28FCD1C300972C3A /* Preview Content */ = {
			isa = PBXGroup;
			children = (
				1F7C2EDF28FCD1C300972C3A /* Preview Assets.xcassets */,
			);
			path = "Preview Content";
			sourceTree = "<group>";
		};
		1F7C2EED28FCD1C300972C3A /* RecaptureTests */ = {
			isa = PBXGroup;
			children = (
				1F7C2EEE28FCD1C300972C3A /* RecaptureTests.swift */,
			);
			path = RecaptureTests;
			sourceTree = "<group>";
		};
		1F7C2EF728FCD1C300972C3A /* RecaptureUITests */ = {
			isa = PBXGroup;
			children = (
				1F7C2EF828FCD1C300972C3A /* RecaptureUITests.swift */,
				1F7C2EFA28FCD1C300972C3A /* RecaptureUITestsLaunchTests.swift */,
			);
			path = RecaptureUITests;
			sourceTree = "<group>";
		};
		1FF886012901702D0074656B /* Components */ = {
			isa = PBXGroup;
			children = (
				1F2CFA0228FDB014007ADB05 /* HeaderBar.swift */,
				1F2CF9FD28FD9FE3007ADB05 /* ProjectListView.swift */,
				1FF885FF2901647D0074656B /* CardView.swift */,
				1FF8860829017C840074656B /* Notifications.swift */,
				1FF8860E290180320074656B /* Tutorial.swift */,
				1FF886102901832D0074656B /* AccountSettings.swift */,
				1FF8861229018BA90074656B /* TutorialMore.swift */,
			);
			path = Components;
			sourceTree = "<group>";
		};
/* End PBXGroup section */

/* Begin PBXNativeTarget section */
		1F7C2ED428FCD1C000972C3A /* Recapture */ = {
			isa = PBXNativeTarget;
			buildConfigurationList = 1F7C2EFE28FCD1C300972C3A /* Build configuration list for PBXNativeTarget "Recapture" */;
			buildPhases = (
				1F7C2ED128FCD1C000972C3A /* Sources */,
				1F7C2ED228FCD1C000972C3A /* Frameworks */,
				1F7C2ED328FCD1C000972C3A /* Resources */,
			);
			buildRules = (
			);
			dependencies = (
			);
			name = Recapture;
			productName = Recapture;
			productReference = 1F7C2ED528FCD1C000972C3A /* Recapture.app */;
			productType = "com.apple.product-type.application";
		};
		1F7C2EE928FCD1C300972C3A /* RecaptureTests */ = {
			isa = PBXNativeTarget;
			buildConfigurationList = 1F7C2F0128FCD1C300972C3A /* Build configuration list for PBXNativeTarget "RecaptureTests" */;
			buildPhases = (
				1F7C2EE628FCD1C300972C3A /* Sources */,
				1F7C2EE728FCD1C300972C3A /* Frameworks */,
				1F7C2EE828FCD1C300972C3A /* Resources */,
			);
			buildRules = (
			);
			dependencies = (
				1F7C2EEC28FCD1C300972C3A /* PBXTargetDependency */,
			);
			name = RecaptureTests;
			productName = RecaptureTests;
			productReference = 1F7C2EEA28FCD1C300972C3A /* RecaptureTests.xctest */;
			productType = "com.apple.product-type.bundle.unit-test";
		};
		1F7C2EF328FCD1C300972C3A /* RecaptureUITests */ = {
			isa = PBXNativeTarget;
			buildConfigurationList = 1F7C2F0428FCD1C300972C3A /* Build configuration list for PBXNativeTarget "RecaptureUITests" */;
			buildPhases = (
				1F7C2EF028FCD1C300972C3A /* Sources */,
				1F7C2EF128FCD1C300972C3A /* Frameworks */,
				1F7C2EF228FCD1C300972C3A /* Resources */,
			);
			buildRules = (
			);
			dependencies = (
				1F7C2EF628FCD1C300972C3A /* PBXTargetDependency */,
			);
			name = RecaptureUITests;
			productName = RecaptureUITests;
			productReference = 1F7C2EF428FCD1C300972C3A /* RecaptureUITests.xctest */;
			productType = "com.apple.product-type.bundle.ui-testing";
		};
/* End PBXNativeTarget section */

/* Begin PBXProject section */
		1F7C2ECD28FCD1C000972C3A /* Project object */ = {
			isa = PBXProject;
			attributes = {
				BuildIndependentTargetsInParallel = 1;
				LastSwiftUpdateCheck = 1340;
				LastUpgradeCheck = 1340;
				TargetAttributes = {
					1F7C2ED428FCD1C000972C3A = {
						CreatedOnToolsVersion = 13.4.1;
					};
					1F7C2EE928FCD1C300972C3A = {
						CreatedOnToolsVersion = 13.4.1;
						TestTargetID = 1F7C2ED428FCD1C000972C3A;
					};
					1F7C2EF328FCD1C300972C3A = {
						CreatedOnToolsVersion = 13.4.1;
						TestTargetID = 1F7C2ED428FCD1C000972C3A;
					};
				};
			};
			buildConfigurationList = 1F7C2ED028FCD1C000972C3A /* Build configuration list for PBXProject "Recapture" */;
			compatibilityVersion = "Xcode 13.0";
			developmentRegion = en;
			hasScannedForEncodings = 0;
			knownRegions = (
				en,
				Base,
			);
			mainGroup = 1F7C2ECC28FCD1C000972C3A;
			productRefGroup = 1F7C2ED628FCD1C000972C3A /* Products */;
			projectDirPath = "";
			projectRoot = "";
			targets = (
				1F7C2ED428FCD1C000972C3A /* Recapture */,
				1F7C2EE928FCD1C300972C3A /* RecaptureTests */,
				1F7C2EF328FCD1C300972C3A /* RecaptureUITests */,
			);
		};
/* End PBXProject section */

/* Begin PBXResourcesBuildPhase section */
		1F7C2ED328FCD1C000972C3A /* Resources */ = {
			isa = PBXResourcesBuildPhase;
			buildActionMask = 2147483647;
			files = (
				1F7C2EE028FCD1C300972C3A /* Preview Assets.xcassets in Resources */,
				1F7C2EDD28FCD1C300972C3A /* Assets.xcassets in Resources */,
			);
			runOnlyForDeploymentPostprocessing = 0;
		};
		1F7C2EE828FCD1C300972C3A /* Resources */ = {
			isa = PBXResourcesBuildPhase;
			buildActionMask = 2147483647;
			files = (
			);
			runOnlyForDeploymentPostprocessing = 0;
		};
		1F7C2EF228FCD1C300972C3A /* Resources */ = {
			isa = PBXResourcesBuildPhase;
			buildActionMask = 2147483647;
			files = (
			);
			runOnlyForDeploymentPostprocessing = 0;
		};
/* End PBXResourcesBuildPhase section */

/* Begin PBXSourcesBuildPhase section */
		1F7C2ED128FCD1C000972C3A /* Sources */ = {
			isa = PBXSourcesBuildPhase;
			buildActionMask = 2147483647;
			files = (
				1FF8860929017C840074656B /* Notifications.swift in Sources */,
				1FF8860B29017FFE0074656B /* TutorialView.swift in Sources */,
				1F2CFA0328FDB014007ADB05 /* HeaderBar.swift in Sources */,
				1FF886002901647D0074656B /* CardView.swift in Sources */,
				1FF8860F290180320074656B /* Tutorial.swift in Sources */,
				1FF88603290170D10074656B /* ProjectView.swift in Sources */,
				1FF8860729017C5B0074656B /* NotificationView.swift in Sources */,
				1F7C2EE228FCD1C300972C3A /* Persistence.swift in Sources */,
				1FF8860D290180170074656B /* SettingsView.swift in Sources */,
				1F7C2EE528FCD1C300972C3A /* Recapture.xcdatamodeld in Sources */,
				1F7C2EDB28FCD1C000972C3A /* ContentView.swift in Sources */,
				1FF8861329018BA90074656B /* TutorialMore.swift in Sources */,
				1F2CF9FC28FD9978007ADB05 /* HomeView.swift in Sources */,
				1F2CF9FE28FD9FE3007ADB05 /* ProjectListView.swift in Sources */,
				1FF88605290173320074656B /* HeaderData.swift in Sources */,
				1FF886112901832D0074656B /* AccountSettings.swift in Sources */,
				1F7C2ED928FCD1C000972C3A /* RecaptureApp.swift in Sources */,
			);
			runOnlyForDeploymentPostprocessing = 0;
		};
		1F7C2EE628FCD1C300972C3A /* Sources */ = {
			isa = PBXSourcesBuildPhase;
			buildActionMask = 2147483647;
			files = (
				1F7C2EEF28FCD1C300972C3A /* RecaptureTests.swift in Sources */,
			);
			runOnlyForDeploymentPostprocessing = 0;
		};
		1F7C2EF028FCD1C300972C3A /* Sources */ = {
			isa = PBXSourcesBuildPhase;
			buildActionMask = 2147483647;
			files = (
				1F7C2EFB28FCD1C300972C3A /* RecaptureUITestsLaunchTests.swift in Sources */,
				1F7C2EF928FCD1C300972C3A /* RecaptureUITests.swift in Sources */,
			);
			runOnlyForDeploymentPostprocessing = 0;
		};
/* End PBXSourcesBuildPhase section */

/* Begin PBXTargetDependency section */
		1F7C2EEC28FCD1C300972C3A /* PBXTargetDependency */ = {
			isa = PBXTargetDependency;
			target = 1F7C2ED428FCD1C000972C3A /* Recapture */;
			targetProxy = 1F7C2EEB28FCD1C300972C3A /* PBXContainerItemProxy */;
		};
		1F7C2EF628FCD1C300972C3A /* PBXTargetDependency */ = {
			isa = PBXTargetDependency;
			target = 1F7C2ED428FCD1C000972C3A /* Recapture */;
			targetProxy = 1F7C2EF528FCD1C300972C3A /* PBXContainerItemProxy */;
		};
/* End PBXTargetDependency section */

/* Begin XCBuildConfiguration section */
		1F7C2EFC28FCD1C300972C3A /* Debug */ = {
			isa = XCBuildConfiguration;
			buildSettings = {
				ALWAYS_SEARCH_USER_PATHS = NO;
				CLANG_ANALYZER_NONNULL = YES;
				CLANG_ANALYZER_NUMBER_OBJECT_CONVERSION = YES_AGGRESSIVE;
				CLANG_CXX_LANGUAGE_STANDARD = "gnu++17";
				CLANG_ENABLE_MODULES = YES;
				CLANG_ENABLE_OBJC_ARC = YES;
				CLANG_ENABLE_OBJC_WEAK = YES;
				CLANG_WARN_BLOCK_CAPTURE_AUTORELEASING = YES;
				CLANG_WARN_BOOL_CONVERSION = YES;
				CLANG_WARN_COMMA = YES;
				CLANG_WARN_CONSTANT_CONVERSION = YES;
				CLANG_WARN_DEPRECATED_OBJC_IMPLEMENTATIONS = YES;
				CLANG_WARN_DIRECT_OBJC_ISA_USAGE = YES_ERROR;
				CLANG_WARN_DOCUMENTATION_COMMENTS = YES;
				CLANG_WARN_EMPTY_BODY = YES;
				CLANG_WARN_ENUM_CONVERSION = YES;
				CLANG_WARN_INFINITE_RECURSION = YES;
				CLANG_WARN_INT_CONVERSION = YES;
				CLANG_WARN_NON_LITERAL_NULL_CONVERSION = YES;
				CLANG_WARN_OBJC_IMPLICIT_RETAIN_SELF = YES;
				CLANG_WARN_OBJC_LITERAL_CONVERSION = YES;
				CLANG_WARN_OBJC_ROOT_CLASS = YES_ERROR;
				CLANG_WARN_QUOTED_INCLUDE_IN_FRAMEWORK_HEADER = YES;
				CLANG_WARN_RANGE_LOOP_ANALYSIS = YES;
				CLANG_WARN_STRICT_PROTOTYPES = YES;
				CLANG_WARN_SUSPICIOUS_MOVE = YES;
				CLANG_WARN_UNGUARDED_AVAILABILITY = YES_AGGRESSIVE;
				CLANG_WARN_UNREACHABLE_CODE = YES;
				CLANG_WARN__DUPLICATE_METHOD_MATCH = YES;
				COPY_PHASE_STRIP = NO;
				DEBUG_INFORMATION_FORMAT = dwarf;
				ENABLE_STRICT_OBJC_MSGSEND = YES;
				ENABLE_TESTABILITY = YES;
				GCC_C_LANGUAGE_STANDARD = gnu11;
				GCC_DYNAMIC_NO_PIC = NO;
				GCC_NO_COMMON_BLOCKS = YES;
				GCC_OPTIMIZATION_LEVEL = 0;
				GCC_PREPROCESSOR_DEFINITIONS = (
					"DEBUG=1",
					"$(inherited)",
				);
				GCC_WARN_64_TO_32_BIT_CONVERSION = YES;
				GCC_WARN_ABOUT_RETURN_TYPE = YES_ERROR;
				GCC_WARN_UNDECLARED_SELECTOR = YES;
				GCC_WARN_UNINITIALIZED_AUTOS = YES_AGGRESSIVE;
				GCC_WARN_UNUSED_FUNCTION = YES;
				GCC_WARN_UNUSED_VARIABLE = YES;
				IPHONEOS_DEPLOYMENT_TARGET = 15.5;
				MTL_ENABLE_DEBUG_INFO = INCLUDE_SOURCE;
				MTL_FAST_MATH = YES;
				ONLY_ACTIVE_ARCH = YES;
				SDKROOT = iphoneos;
				SWIFT_ACTIVE_COMPILATION_CONDITIONS = DEBUG;
				SWIFT_OPTIMIZATION_LEVEL = "-Onone";
			};
			name = Debug;
		};
		1F7C2EFD28FCD1C300972C3A /* Release */ = {
			isa = XCBuildConfiguration;
			buildSettings = {
				ALWAYS_SEARCH_USER_PATHS = NO;
				CLANG_ANALYZER_NONNULL = YES;
				CLANG_ANALYZER_NUMBER_OBJECT_CONVERSION = YES_AGGRESSIVE;
				CLANG_CXX_LANGUAGE_STANDARD = "gnu++17";
				CLANG_ENABLE_MODULES = YES;
				CLANG_ENABLE_OBJC_ARC = YES;
				CLANG_ENABLE_OBJC_WEAK = YES;
				CLANG_WARN_BLOCK_CAPTURE_AUTORELEASING = YES;
				CLANG_WARN_BOOL_CONVERSION = YES;
				CLANG_WARN_COMMA = YES;
				CLANG_WARN_CONSTANT_CONVERSION = YES;
				CLANG_WARN_DEPRECATED_OBJC_IMPLEMENTATIONS = YES;
				CLANG_WARN_DIRECT_OBJC_ISA_USAGE = YES_ERROR;
				CLANG_WARN_DOCUMENTATION_COMMENTS = YES;
				CLANG_WARN_EMPTY_BODY = YES;
				CLANG_WARN_ENUM_CONVERSION = YES;
				CLANG_WARN_INFINITE_RECURSION = YES;
				CLANG_WARN_INT_CONVERSION = YES;
				CLANG_WARN_NON_LITERAL_NULL_CONVERSION = YES;
				CLANG_WARN_OBJC_IMPLICIT_RETAIN_SELF = YES;
				CLANG_WARN_OBJC_LITERAL_CONVERSION = YES;
				CLANG_WARN_OBJC_ROOT_CLASS = YES_ERROR;
				CLANG_WARN_QUOTED_INCLUDE_IN_FRAMEWORK_HEADER = YES;
				CLANG_WARN_RANGE_LOOP_ANALYSIS = YES;
				CLANG_WARN_STRICT_PROTOTYPES = YES;
				CLANG_WARN_SUSPICIOUS_MOVE = YES;
				CLANG_WARN_UNGUARDED_AVAILABILITY = YES_AGGRESSIVE;
				CLANG_WARN_UNREACHABLE_CODE = YES;
				CLANG_WARN__DUPLICATE_METHOD_MATCH = YES;
				COPY_PHASE_STRIP = NO;
				DEBUG_INFORMATION_FORMAT = "dwarf-with-dsym";
				ENABLE_NS_ASSERTIONS = NO;
				ENABLE_STRICT_OBJC_MSGSEND = YES;
				GCC_C_LANGUAGE_STANDARD = gnu11;
				GCC_NO_COMMON_BLOCKS = YES;
				GCC_WARN_64_TO_32_BIT_CONVERSION = YES;
				GCC_WARN_ABOUT_RETURN_TYPE = YES_ERROR;
				GCC_WARN_UNDECLARED_SELECTOR = YES;
				GCC_WARN_UNINITIALIZED_AUTOS = YES_AGGRESSIVE;
				GCC_WARN_UNUSED_FUNCTION = YES;
				GCC_WARN_UNUSED_VARIABLE = YES;
				IPHONEOS_DEPLOYMENT_TARGET = 15.5;
				MTL_ENABLE_DEBUG_INFO = NO;
				MTL_FAST_MATH = YES;
				SDKROOT = iphoneos;
				SWIFT_COMPILATION_MODE = wholemodule;
				SWIFT_OPTIMIZATION_LEVEL = "-O";
				VALIDATE_PRODUCT = YES;
			};
			name = Release;
		};
		1F7C2EFF28FCD1C300972C3A /* Debug */ = {
			isa = XCBuildConfiguration;
			buildSettings = {
				ASSETCATALOG_COMPILER_APPICON_NAME = AppIcon;
				ASSETCATALOG_COMPILER_GLOBAL_ACCENT_COLOR_NAME = AccentColor;
				CODE_SIGN_STYLE = Automatic;
				CURRENT_PROJECT_VERSION = 1;
				DEVELOPMENT_ASSET_PATHS = "\"Recapture/Preview Content\"";
				DEVELOPMENT_TEAM = RGK9UBPUGL;
				ENABLE_PREVIEWS = YES;
				GENERATE_INFOPLIST_FILE = YES;
				INFOPLIST_KEY_UIApplicationSceneManifest_Generation = YES;
				INFOPLIST_KEY_UIApplicationSupportsIndirectInputEvents = YES;
				INFOPLIST_KEY_UILaunchScreen_Generation = YES;
				INFOPLIST_KEY_UISupportedInterfaceOrientations = UIInterfaceOrientationPortrait;
				INFOPLIST_KEY_UISupportedInterfaceOrientations_iPad = "UIInterfaceOrientationPortrait UIInterfaceOrientationPortraitUpsideDown UIInterfaceOrientationLandscapeLeft UIInterfaceOrientationLandscapeRight";
				INFOPLIST_KEY_UISupportedInterfaceOrientations_iPhone = "UIInterfaceOrientationPortrait UIInterfaceOrientationLandscapeLeft UIInterfaceOrientationLandscapeRight";
				IPHONEOS_DEPLOYMENT_TARGET = 15.5;
				LD_RUNPATH_SEARCH_PATHS = (
					"$(inherited)",
					"@executable_path/Frameworks",
				);
				MARKETING_VERSION = 1.0;
				PRODUCT_BUNDLE_IDENTIFIER = com.recapturelabs.Recapture;
				PRODUCT_NAME = "$(TARGET_NAME)";
				SWIFT_EMIT_LOC_STRINGS = YES;
				SWIFT_VERSION = 5.0;
				TARGETED_DEVICE_FAMILY = "1,2";
			};
			name = Debug;
		};
		1F7C2F0028FCD1C300972C3A /* Release */ = {
			isa = XCBuildConfiguration;
			buildSettings = {
				ASSETCATALOG_COMPILER_APPICON_NAME = AppIcon;
				ASSETCATALOG_COMPILER_GLOBAL_ACCENT_COLOR_NAME = AccentColor;
				CODE_SIGN_STYLE = Automatic;
				CURRENT_PROJECT_VERSION = 1;
				DEVELOPMENT_ASSET_PATHS = "\"Recapture/Preview Content\"";
				DEVELOPMENT_TEAM = RGK9UBPUGL;
				ENABLE_PREVIEWS = YES;
				GENERATE_INFOPLIST_FILE = YES;
				INFOPLIST_KEY_UIApplicationSceneManifest_Generation = YES;
				INFOPLIST_KEY_UIApplicationSupportsIndirectInputEvents = YES;
				INFOPLIST_KEY_UILaunchScreen_Generation = YES;
				INFOPLIST_KEY_UISupportedInterfaceOrientations = UIInterfaceOrientationPortrait;
				INFOPLIST_KEY_UISupportedInterfaceOrientations_iPad = "UIInterfaceOrientationPortrait UIInterfaceOrientationPortraitUpsideDown UIInterfaceOrientationLandscapeLeft UIInterfaceOrientationLandscapeRight";
				INFOPLIST_KEY_UISupportedInterfaceOrientations_iPhone = "UIInterfaceOrientationPortrait UIInterfaceOrientationLandscapeLeft UIInterfaceOrientationLandscapeRight";
				IPHONEOS_DEPLOYMENT_TARGET = 15.5;
				LD_RUNPATH_SEARCH_PATHS = (
					"$(inherited)",
					"@executable_path/Frameworks",
				);
				MARKETING_VERSION = 1.0;
				PRODUCT_BUNDLE_IDENTIFIER = com.recapturelabs.Recapture;
				PRODUCT_NAME = "$(TARGET_NAME)";
				SWIFT_EMIT_LOC_STRINGS = YES;
				SWIFT_VERSION = 5.0;
				TARGETED_DEVICE_FAMILY = "1,2";
			};
			name = Release;
		};
		1F7C2F0228FCD1C300972C3A /* Debug */ = {
			isa = XCBuildConfiguration;
			buildSettings = {
				ALWAYS_EMBED_SWIFT_STANDARD_LIBRARIES = YES;
				BUNDLE_LOADER = "$(TEST_HOST)";
				CODE_SIGN_STYLE = Automatic;
				CURRENT_PROJECT_VERSION = 1;
				DEVELOPMENT_TEAM = RGK9UBPUGL;
				GENERATE_INFOPLIST_FILE = YES;
				IPHONEOS_DEPLOYMENT_TARGET = 15.5;
				MARKETING_VERSION = 1.0;
				PRODUCT_BUNDLE_IDENTIFIER = com.recapturelabs.RecaptureTests;
				PRODUCT_NAME = "$(TARGET_NAME)";
				SWIFT_EMIT_LOC_STRINGS = NO;
				SWIFT_VERSION = 5.0;
				TARGETED_DEVICE_FAMILY = "1,2";
				TEST_HOST = "$(BUILT_PRODUCTS_DIR)/Recapture.app/Recapture";
			};
			name = Debug;
		};
		1F7C2F0328FCD1C300972C3A /* Release */ = {
			isa = XCBuildConfiguration;
			buildSettings = {
				ALWAYS_EMBED_SWIFT_STANDARD_LIBRARIES = YES;
				BUNDLE_LOADER = "$(TEST_HOST)";
				CODE_SIGN_STYLE = Automatic;
				CURRENT_PROJECT_VERSION = 1;
				DEVELOPMENT_TEAM = RGK9UBPUGL;
				GENERATE_INFOPLIST_FILE = YES;
				IPHONEOS_DEPLOYMENT_TARGET = 15.5;
				MARKETING_VERSION = 1.0;
				PRODUCT_BUNDLE_IDENTIFIER = com.recapturelabs.RecaptureTests;
				PRODUCT_NAME = "$(TARGET_NAME)";
				SWIFT_EMIT_LOC_STRINGS = NO;
				SWIFT_VERSION = 5.0;
				TARGETED_DEVICE_FAMILY = "1,2";
				TEST_HOST = "$(BUILT_PRODUCTS_DIR)/Recapture.app/Recapture";
			};
			name = Release;
		};
		1F7C2F0528FCD1C300972C3A /* Debug */ = {
			isa = XCBuildConfiguration;
			buildSettings = {
				ALWAYS_EMBED_SWIFT_STANDARD_LIBRARIES = YES;
				CODE_SIGN_STYLE = Automatic;
				CURRENT_PROJECT_VERSION = 1;
				DEVELOPMENT_TEAM = RGK9UBPUGL;
				GENERATE_INFOPLIST_FILE = YES;
				MARKETING_VERSION = 1.0;
				PRODUCT_BUNDLE_IDENTIFIER = com.recapturelabs.RecaptureUITests;
				PRODUCT_NAME = "$(TARGET_NAME)";
				SWIFT_EMIT_LOC_STRINGS = NO;
				SWIFT_VERSION = 5.0;
				TARGETED_DEVICE_FAMILY = "1,2";
				TEST_TARGET_NAME = Recapture;
			};
			name = Debug;
		};
		1F7C2F0628FCD1C300972C3A /* Release */ = {
			isa = XCBuildConfiguration;
			buildSettings = {
				ALWAYS_EMBED_SWIFT_STANDARD_LIBRARIES = YES;
				CODE_SIGN_STYLE = Automatic;
				CURRENT_PROJECT_VERSION = 1;
				DEVELOPMENT_TEAM = RGK9UBPUGL;
				GENERATE_INFOPLIST_FILE = YES;
				MARKETING_VERSION = 1.0;
				PRODUCT_BUNDLE_IDENTIFIER = com.recapturelabs.RecaptureUITests;
				PRODUCT_NAME = "$(TARGET_NAME)";
				SWIFT_EMIT_LOC_STRINGS = NO;
				SWIFT_VERSION = 5.0;
				TARGETED_DEVICE_FAMILY = "1,2";
				TEST_TARGET_NAME = Recapture;
			};
			name = Release;
		};
/* End XCBuildConfiguration section */

/* Begin XCConfigurationList section */
		1F7C2ED028FCD1C000972C3A /* Build configuration list for PBXProject "Recapture" */ = {
			isa = XCConfigurationList;
			buildConfigurations = (
				1F7C2EFC28FCD1C300972C3A /* Debug */,
				1F7C2EFD28FCD1C300972C3A /* Release */,
			);
			defaultConfigurationIsVisible = 0;
			defaultConfigurationName = Release;
		};
		1F7C2EFE28FCD1C300972C3A /* Build configuration list for PBXNativeTarget "Recapture" */ = {
			isa = XCConfigurationList;
			buildConfigurations = (
				1F7C2EFF28FCD1C300972C3A /* Debug */,
				1F7C2F0028FCD1C300972C3A /* Release */,
			);
			defaultConfigurationIsVisible = 0;
			defaultConfigurationName = Release;
		};
		1F7C2F0128FCD1C300972C3A /* Build configuration list for PBXNativeTarget "RecaptureTests" */ = {
			isa = XCConfigurationList;
			buildConfigurations = (
				1F7C2F0228FCD1C300972C3A /* Debug */,
				1F7C2F0328FCD1C300972C3A /* Release */,
			);
			defaultConfigurationIsVisible = 0;
			defaultConfigurationName = Release;
		};
		1F7C2F0428FCD1C300972C3A /* Build configuration list for PBXNativeTarget "RecaptureUITests" */ = {
			isa = XCConfigurationList;
			buildConfigurations = (
				1F7C2F0528FCD1C300972C3A /* Debug */,
				1F7C2F0628FCD1C300972C3A /* Release */,
			);
			defaultConfigurationIsVisible = 0;
			defaultConfigurationName = Release;
		};
/* End XCConfigurationList section */

/* Begin XCVersionGroup section */
		1F7C2EE328FCD1C300972C3A /* Recapture.xcdatamodeld */ = {
			isa = XCVersionGroup;
			children = (
				1F7C2EE428FCD1C300972C3A /* Recapture.xcdatamodel */,
			);
			currentVersion = 1F7C2EE428FCD1C300972C3A /* Recapture.xcdatamodel */;
			path = Recapture.xcdatamodeld;
			sourceTree = "<group>";
			versionGroupType = wrapper.xcdatamodel;
		};
/* End XCVersionGroup section */
	};
	rootObject = 1F7C2ECD28FCD1C000972C3A /* Project object */;
}
